// !$*UTF8*$!
{
	archiveVersion = 1;
	classes = {
	};
	objectVersion = 46;
	objects = {

/* Begin PBXBuildFile section */
		863C18B017A2F725005A6E84 /* UIKit.framework in Frameworks */ = {isa = PBXBuildFile; fileRef = 863C18AF17A2F725005A6E84 /* UIKit.framework */; };
		863C18B217A2F725005A6E84 /* Foundation.framework in Frameworks */ = {isa = PBXBuildFile; fileRef = 863C18B117A2F725005A6E84 /* Foundation.framework */; };
		863C18B417A2F725005A6E84 /* CoreGraphics.framework in Frameworks */ = {isa = PBXBuildFile; fileRef = 863C18B317A2F725005A6E84 /* CoreGraphics.framework */; };
		863C18BA17A2F725005A6E84 /* InfoPlist.strings in Resources */ = {isa = PBXBuildFile; fileRef = 863C18B817A2F725005A6E84 /* InfoPlist.strings */; };
		863C18BC17A2F725005A6E84 /* main.m in Sources */ = {isa = PBXBuildFile; fileRef = 863C18BB17A2F725005A6E84 /* main.m */; };
		863C18C017A2F725005A6E84 /* MXAppDelegate.m in Sources */ = {isa = PBXBuildFile; fileRef = 863C18BF17A2F725005A6E84 /* MXAppDelegate.m */; };
		863C18C217A2F725005A6E84 /* Default.png in Resources */ = {isa = PBXBuildFile; fileRef = 863C18C117A2F725005A6E84 /* Default.png */; };
		863C18C417A2F725005A6E84 /* Default@2x.png in Resources */ = {isa = PBXBuildFile; fileRef = 863C18C317A2F725005A6E84 /* Default@2x.png */; };
		863C18C617A2F725005A6E84 /* Default-568h@2x.png in Resources */ = {isa = PBXBuildFile; fileRef = 863C18C517A2F725005A6E84 /* Default-568h@2x.png */; };
		863C18C917A2F725005A6E84 /* MainStoryboard.storyboard in Resources */ = {isa = PBXBuildFile; fileRef = 863C18C717A2F725005A6E84 /* MainStoryboard.storyboard */; };
		863C18D417A2F726005A6E84 /* SenTestingKit.framework in Frameworks */ = {isa = PBXBuildFile; fileRef = 863C18D317A2F726005A6E84 /* SenTestingKit.framework */; };
		863C18D517A2F726005A6E84 /* UIKit.framework in Frameworks */ = {isa = PBXBuildFile; fileRef = 863C18AF17A2F725005A6E84 /* UIKit.framework */; };
		863C18D617A2F726005A6E84 /* Foundation.framework in Frameworks */ = {isa = PBXBuildFile; fileRef = 863C18B117A2F725005A6E84 /* Foundation.framework */; };
		863C18DE17A2F726005A6E84 /* InfoPlist.strings in Resources */ = {isa = PBXBuildFile; fileRef = 863C18DC17A2F726005A6E84 /* InfoPlist.strings */; };
		863C18E117A2F726005A6E84 /* Mammioux6Tests.m in Sources */ = {isa = PBXBuildFile; fileRef = 863C18E017A2F726005A6E84 /* Mammioux6Tests.m */; };
		863C18F817A2F7AC005A6E84 /* SettingsViewController.m in Sources */ = {isa = PBXBuildFile; fileRef = 863C18EC17A2F7AC005A6E84 /* SettingsViewController.m */; };
		863C18F917A2F7AC005A6E84 /* SettingsViewController.m in Sources */ = {isa = PBXBuildFile; fileRef = 863C18EC17A2F7AC005A6E84 /* SettingsViewController.m */; };
		863C18FA17A2F7AC005A6E84 /* MammiouxViewController.m in Sources */ = {isa = PBXBuildFile; fileRef = 863C18EE17A2F7AC005A6E84 /* MammiouxViewController.m */; };
		863C18FB17A2F7AC005A6E84 /* MammiouxViewController.m in Sources */ = {isa = PBXBuildFile; fileRef = 863C18EE17A2F7AC005A6E84 /* MammiouxViewController.m */; };
		863C18FE17A2F7AC005A6E84 /* TimerController.m in Sources */ = {isa = PBXBuildFile; fileRef = 863C18F217A2F7AC005A6E84 /* TimerController.m */; };
		863C18FF17A2F7AC005A6E84 /* TimerController.m in Sources */ = {isa = PBXBuildFile; fileRef = 863C18F217A2F7AC005A6E84 /* TimerController.m */; };
		863C190017A2F7AC005A6E84 /* mammiouxLog.m in Sources */ = {isa = PBXBuildFile; fileRef = 863C18F417A2F7AC005A6E84 /* mammiouxLog.m */; };
		863C190117A2F7AC005A6E84 /* mammiouxLog.m in Sources */ = {isa = PBXBuildFile; fileRef = 863C18F417A2F7AC005A6E84 /* mammiouxLog.m */; };
		863C190217A2F7AC005A6E84 /* InfoViewController.m in Sources */ = {isa = PBXBuildFile; fileRef = 863C18F617A2F7AC005A6E84 /* InfoViewController.m */; };
		863C190317A2F7AC005A6E84 /* InfoViewController.m in Sources */ = {isa = PBXBuildFile; fileRef = 863C18F617A2F7AC005A6E84 /* InfoViewController.m */; };
		863C190817A2F7E6005A6E84 /* SettingsViewController.xib in Resources */ = {isa = PBXBuildFile; fileRef = 863C190717A2F7E6005A6E84 /* SettingsViewController.xib */; };
		863C190917A2F7E6005A6E84 /* SettingsViewController.xib in Resources */ = {isa = PBXBuildFile; fileRef = 863C190717A2F7E6005A6E84 /* SettingsViewController.xib */; };
		863C191C17A2F849005A6E84 /* BlackBG.png in Resources */ = {isa = PBXBuildFile; fileRef = 863C190E17A2F849005A6E84 /* BlackBG.png */; };
		863C191D17A2F849005A6E84 /* BlackBG.png in Resources */ = {isa = PBXBuildFile; fileRef = 863C190E17A2F849005A6E84 /* BlackBG.png */; };
		863C191E17A2F849005A6E84 /* Left_Hand.png in Resources */ = {isa = PBXBuildFile; fileRef = 863C190F17A2F849005A6E84 /* Left_Hand.png */; };
		863C191F17A2F849005A6E84 /* Left_Hand.png in Resources */ = {isa = PBXBuildFile; fileRef = 863C190F17A2F849005A6E84 /* Left_Hand.png */; };
		863C192017A2F849005A6E84 /* RIght_Hand.png in Resources */ = {isa = PBXBuildFile; fileRef = 863C191017A2F849005A6E84 /* RIght_Hand.png */; };
		863C192117A2F849005A6E84 /* RIght_Hand.png in Resources */ = {isa = PBXBuildFile; fileRef = 863C191017A2F849005A6E84 /* RIght_Hand.png */; };
		863C192217A2F849005A6E84 /* icon2.jpg in Resources */ = {isa = PBXBuildFile; fileRef = 863C191117A2F849005A6E84 /* icon2.jpg */; };
		863C192317A2F849005A6E84 /* icon2.jpg in Resources */ = {isa = PBXBuildFile; fileRef = 863C191117A2F849005A6E84 /* icon2.jpg */; };
		863C192817A2F849005A6E84 /* process.png in Resources */ = {isa = PBXBuildFile; fileRef = 863C191417A2F849005A6E84 /* process.png */; };
		863C192917A2F849005A6E84 /* process.png in Resources */ = {isa = PBXBuildFile; fileRef = 863C191417A2F849005A6E84 /* process.png */; };
		863C192A17A2F849005A6E84 /* icon06.png in Resources */ = {isa = PBXBuildFile; fileRef = 863C191517A2F849005A6E84 /* icon06.png */; };
		863C192B17A2F849005A6E84 /* icon06.png in Resources */ = {isa = PBXBuildFile; fileRef = 863C191517A2F849005A6E84 /* icon06.png */; };
		863C192C17A2F849005A6E84 /* history.png in Resources */ = {isa = PBXBuildFile; fileRef = 863C191617A2F849005A6E84 /* history.png */; };
		863C192D17A2F849005A6E84 /* history.png in Resources */ = {isa = PBXBuildFile; fileRef = 863C191617A2F849005A6E84 /* history.png */; };
		863C193217A2F849005A6E84 /* Clock.jpg in Resources */ = {isa = PBXBuildFile; fileRef = 863C191917A2F849005A6E84 /* Clock.jpg */; };
		863C193317A2F849005A6E84 /* Clock.jpg in Resources */ = {isa = PBXBuildFile; fileRef = 863C191917A2F849005A6E84 /* Clock.jpg */; };
		863C193417A2F849005A6E84 /* Settings.jpg in Resources */ = {isa = PBXBuildFile; fileRef = 863C191A17A2F849005A6E84 /* Settings.jpg */; };
		863C193517A2F849005A6E84 /* Settings.jpg in Resources */ = {isa = PBXBuildFile; fileRef = 863C191A17A2F849005A6E84 /* Settings.jpg */; };
		863C193617A2F849005A6E84 /* iPhone_settings_icon_by_triumvirateebp.png in Resources */ = {isa = PBXBuildFile; fileRef = 863C191B17A2F849005A6E84 /* iPhone_settings_icon_by_triumvirateebp.png */; };
		863C193717A2F849005A6E84 /* iPhone_settings_icon_by_triumvirateebp.png in Resources */ = {isa = PBXBuildFile; fileRef = 863C191B17A2F849005A6E84 /* iPhone_settings_icon_by_triumvirateebp.png */; };
		863C193A17A2F881005A6E84 /* timers.plist in Resources */ = {isa = PBXBuildFile; fileRef = 863C193917A2F881005A6E84 /* timers.plist */; };
		863C19D817A31C7A005A6E84 /* icon@2x.png in Resources */ = {isa = PBXBuildFile; fileRef = 863C19D517A31C78005A6E84 /* icon@2x.png */; };
		863C19D917A31C7A005A6E84 /* icon.png in Resources */ = {isa = PBXBuildFile; fileRef = 863C19D617A31C78005A6E84 /* icon.png */; };
		864722C917A850B7005E9160 /* NumericCell.m in Sources */ = {isa = PBXBuildFile; fileRef = 864722C817A850B7005E9160 /* NumericCell.m */; };
		8647231A17AAB7EE005E9160 /* SettingsView.m in Sources */ = {isa = PBXBuildFile; fileRef = 8647231917AAB7EE005E9160 /* SettingsView.m */; };
		86EF995617AC1081005B5BB3 /* LogViewController.m in Sources */ = {isa = PBXBuildFile; fileRef = 86EF995517AC1081005B5BB3 /* LogViewController.m */; };
/* End PBXBuildFile section */

/* Begin PBXContainerItemProxy section */
		863C18D717A2F726005A6E84 /* PBXContainerItemProxy */ = {
			isa = PBXContainerItemProxy;
			containerPortal = 863C18A417A2F725005A6E84 /* Project object */;
			proxyType = 1;
			remoteGlobalIDString = 863C18AB17A2F725005A6E84;
			remoteInfo = Mammioux6;
		};
/* End PBXContainerItemProxy section */

/* Begin PBXFileReference section */
		863C18AC17A2F725005A6E84 /* Mammioux6.app */ = {isa = PBXFileReference; explicitFileType = wrapper.application; includeInIndex = 0; path = Mammioux6.app; sourceTree = BUILT_PRODUCTS_DIR; };
		863C18AF17A2F725005A6E84 /* UIKit.framework */ = {isa = PBXFileReference; lastKnownFileType = wrapper.framework; name = UIKit.framework; path = System/Library/Frameworks/UIKit.framework; sourceTree = SDKROOT; };
		863C18B117A2F725005A6E84 /* Foundation.framework */ = {isa = PBXFileReference; lastKnownFileType = wrapper.framework; name = Foundation.framework; path = System/Library/Frameworks/Foundation.framework; sourceTree = SDKROOT; };
		863C18B317A2F725005A6E84 /* CoreGraphics.framework */ = {isa = PBXFileReference; lastKnownFileType = wrapper.framework; name = CoreGraphics.framework; path = System/Library/Frameworks/CoreGraphics.framework; sourceTree = SDKROOT; };
		863C18B717A2F725005A6E84 /* Mammioux6-Info.plist */ = {isa = PBXFileReference; lastKnownFileType = text.plist.xml; path = "Mammioux6-Info.plist"; sourceTree = "<group>"; };
		863C18B917A2F725005A6E84 /* en */ = {isa = PBXFileReference; lastKnownFileType = text.plist.strings; name = en; path = en.lproj/InfoPlist.strings; sourceTree = "<group>"; };
		863C18BB17A2F725005A6E84 /* main.m */ = {isa = PBXFileReference; lastKnownFileType = sourcecode.c.objc; path = main.m; sourceTree = "<group>"; };
		863C18BD17A2F725005A6E84 /* Mammioux6-Prefix.pch */ = {isa = PBXFileReference; lastKnownFileType = sourcecode.c.h; path = "Mammioux6-Prefix.pch"; sourceTree = "<group>"; };
		863C18BE17A2F725005A6E84 /* MXAppDelegate.h */ = {isa = PBXFileReference; lastKnownFileType = sourcecode.c.h; path = MXAppDelegate.h; sourceTree = "<group>"; };
		863C18BF17A2F725005A6E84 /* MXAppDelegate.m */ = {isa = PBXFileReference; lastKnownFileType = sourcecode.c.objc; path = MXAppDelegate.m; sourceTree = "<group>"; };
		863C18C117A2F725005A6E84 /* Default.png */ = {isa = PBXFileReference; lastKnownFileType = image.png; path = Default.png; sourceTree = "<group>"; };
		863C18C317A2F725005A6E84 /* Default@2x.png */ = {isa = PBXFileReference; lastKnownFileType = image.png; path = "Default@2x.png"; sourceTree = "<group>"; };
		863C18C517A2F725005A6E84 /* Default-568h@2x.png */ = {isa = PBXFileReference; lastKnownFileType = image.png; path = "Default-568h@2x.png"; sourceTree = "<group>"; };
		863C18C817A2F725005A6E84 /* en */ = {isa = PBXFileReference; lastKnownFileType = file.storyboard; name = en; path = en.lproj/MainStoryboard.storyboard; sourceTree = "<group>"; };
		863C18D217A2F726005A6E84 /* Mammioux6Tests.octest */ = {isa = PBXFileReference; explicitFileType = wrapper.cfbundle; includeInIndex = 0; path = Mammioux6Tests.octest; sourceTree = BUILT_PRODUCTS_DIR; };
		863C18D317A2F726005A6E84 /* SenTestingKit.framework */ = {isa = PBXFileReference; lastKnownFileType = wrapper.framework; name = SenTestingKit.framework; path = Library/Frameworks/SenTestingKit.framework; sourceTree = DEVELOPER_DIR; };
		863C18DB17A2F726005A6E84 /* Mammioux6Tests-Info.plist */ = {isa = PBXFileReference; lastKnownFileType = text.plist.xml; path = "Mammioux6Tests-Info.plist"; sourceTree = "<group>"; };
		863C18DD17A2F726005A6E84 /* en */ = {isa = PBXFileReference; lastKnownFileType = text.plist.strings; name = en; path = en.lproj/InfoPlist.strings; sourceTree = "<group>"; };
		863C18DF17A2F726005A6E84 /* Mammioux6Tests.h */ = {isa = PBXFileReference; lastKnownFileType = sourcecode.c.h; path = Mammioux6Tests.h; sourceTree = "<group>"; };
		863C18E017A2F726005A6E84 /* Mammioux6Tests.m */ = {isa = PBXFileReference; lastKnownFileType = sourcecode.c.objc; path = Mammioux6Tests.m; sourceTree = "<group>"; };
		863C18EB17A2F7AC005A6E84 /* SettingsViewController.h */ = {isa = PBXFileReference; fileEncoding = 4; lastKnownFileType = sourcecode.c.h; path = SettingsViewController.h; sourceTree = "<group>"; };
		863C18EC17A2F7AC005A6E84 /* SettingsViewController.m */ = {isa = PBXFileReference; fileEncoding = 4; lastKnownFileType = sourcecode.c.objc; path = SettingsViewController.m; sourceTree = "<group>"; };
		863C18ED17A2F7AC005A6E84 /* MammiouxViewController.h */ = {isa = PBXFileReference; fileEncoding = 4; lastKnownFileType = sourcecode.c.h; path = MammiouxViewController.h; sourceTree = "<group>"; };
		863C18EE17A2F7AC005A6E84 /* MammiouxViewController.m */ = {isa = PBXFileReference; fileEncoding = 4; lastKnownFileType = sourcecode.c.objc; path = MammiouxViewController.m; sourceTree = "<group>"; };
		863C18F117A2F7AC005A6E84 /* TimerController.h */ = {isa = PBXFileReference; fileEncoding = 4; lastKnownFileType = sourcecode.c.h; path = TimerController.h; sourceTree = "<group>"; };
		863C18F217A2F7AC005A6E84 /* TimerController.m */ = {isa = PBXFileReference; fileEncoding = 4; lastKnownFileType = sourcecode.c.objc; path = TimerController.m; sourceTree = "<group>"; };
		863C18F317A2F7AC005A6E84 /* mammiouxLog.h */ = {isa = PBXFileReference; fileEncoding = 4; lastKnownFileType = sourcecode.c.h; path = mammiouxLog.h; sourceTree = "<group>"; };
		863C18F417A2F7AC005A6E84 /* mammiouxLog.m */ = {isa = PBXFileReference; fileEncoding = 4; lastKnownFileType = sourcecode.c.objc; path = mammiouxLog.m; sourceTree = "<group>"; };
		863C18F517A2F7AC005A6E84 /* InfoViewController.h */ = {isa = PBXFileReference; fileEncoding = 4; lastKnownFileType = sourcecode.c.h; path = InfoViewController.h; sourceTree = "<group>"; };
		863C18F617A2F7AC005A6E84 /* InfoViewController.m */ = {isa = PBXFileReference; fileEncoding = 4; lastKnownFileType = sourcecode.c.objc; path = InfoViewController.m; sourceTree = "<group>"; };
		863C190717A2F7E6005A6E84 /* SettingsViewController.xib */ = {isa = PBXFileReference; fileEncoding = 4; lastKnownFileType = file.xib; path = SettingsViewController.xib; sourceTree = "<group>"; };
		863C190E17A2F849005A6E84 /* BlackBG.png */ = {isa = PBXFileReference; lastKnownFileType = image.png; path = BlackBG.png; sourceTree = "<group>"; };
		863C190F17A2F849005A6E84 /* Left_Hand.png */ = {isa = PBXFileReference; lastKnownFileType = image.png; path = Left_Hand.png; sourceTree = "<group>"; };
		863C191017A2F849005A6E84 /* RIght_Hand.png */ = {isa = PBXFileReference; lastKnownFileType = image.png; path = RIght_Hand.png; sourceTree = "<group>"; };
		863C191117A2F849005A6E84 /* icon2.jpg */ = {isa = PBXFileReference; lastKnownFileType = image.jpeg; path = icon2.jpg; sourceTree = "<group>"; };
		863C191417A2F849005A6E84 /* process.png */ = {isa = PBXFileReference; lastKnownFileType = image.png; path = process.png; sourceTree = "<group>"; };
		863C191517A2F849005A6E84 /* icon06.png */ = {isa = PBXFileReference; lastKnownFileType = image.png; path = icon06.png; sourceTree = "<group>"; };
		863C191617A2F849005A6E84 /* history.png */ = {isa = PBXFileReference; lastKnownFileType = image.png; path = history.png; sourceTree = "<group>"; };
		863C191917A2F849005A6E84 /* Clock.jpg */ = {isa = PBXFileReference; lastKnownFileType = image.jpeg; path = Clock.jpg; sourceTree = "<group>"; };
		863C191A17A2F849005A6E84 /* Settings.jpg */ = {isa = PBXFileReference; lastKnownFileType = image.jpeg; path = Settings.jpg; sourceTree = "<group>"; };
		863C191B17A2F849005A6E84 /* iPhone_settings_icon_by_triumvirateebp.png */ = {isa = PBXFileReference; lastKnownFileType = image.png; path = iPhone_settings_icon_by_triumvirateebp.png; sourceTree = "<group>"; };
		863C193817A2F86C005A6E84 /* Constants.h */ = {isa = PBXFileReference; fileEncoding = 4; lastKnownFileType = sourcecode.c.h; path = Constants.h; sourceTree = "<group>"; };
		863C193917A2F881005A6E84 /* timers.plist */ = {isa = PBXFileReference; fileEncoding = 4; lastKnownFileType = text.plist.xml; path = timers.plist; sourceTree = "<group>"; };
		863C19D517A31C78005A6E84 /* icon@2x.png */ = {isa = PBXFileReference; lastKnownFileType = image.png; path = "icon@2x.png"; sourceTree = "<group>"; };
		863C19D617A31C78005A6E84 /* icon.png */ = {isa = PBXFileReference; lastKnownFileType = image.png; path = icon.png; sourceTree = "<group>"; };
		863C19D717A31C79005A6E84 /* icon2.png */ = {isa = PBXFileReference; lastKnownFileType = image.png; path = icon2.png; sourceTree = "<group>"; };
		863C19DB17A31C98005A6E84 /* icon.png */ = {isa = PBXFileReference; lastKnownFileType = image.png; path = icon.png; sourceTree = "<group>"; };
		863C19DD17A31CA3005A6E84 /* icon@2x.png */ = {isa = PBXFileReference; lastKnownFileType = image.png; path = "icon@2x.png"; sourceTree = "<group>"; };
		864722C717A850B7005E9160 /* NumericCell.h */ = {isa = PBXFileReference; fileEncoding = 4; lastKnownFileType = sourcecode.c.h; name = NumericCell.h; path = Mammioux6/Resources/NumericCell.h; sourceTree = SOURCE_ROOT; };
		864722C817A850B7005E9160 /* NumericCell.m */ = {isa = PBXFileReference; fileEncoding = 4; lastKnownFileType = sourcecode.c.objc; name = NumericCell.m; path = Mammioux6/Resources/NumericCell.m; sourceTree = SOURCE_ROOT; };
		8647231817AAB7EE005E9160 /* SettingsView.h */ = {isa = PBXFileReference; fileEncoding = 4; lastKnownFileType = sourcecode.c.h; path = SettingsView.h; sourceTree = "<group>"; };
		8647231917AAB7EE005E9160 /* SettingsView.m */ = {isa = PBXFileReference; fileEncoding = 4; lastKnownFileType = sourcecode.c.objc; path = SettingsView.m; sourceTree = "<group>"; };
		86EF995417AC1081005B5BB3 /* LogViewController.h */ = {isa = PBXFileReference; fileEncoding = 4; lastKnownFileType = sourcecode.c.h; path = LogViewController.h; sourceTree = "<group>"; };
		86EF995517AC1081005B5BB3 /* LogViewController.m */ = {isa = PBXFileReference; fileEncoding = 4; lastKnownFileType = sourcecode.c.objc; path = LogViewController.m; sourceTree = "<group>"; };
/* End PBXFileReference section */

/* Begin PBXFrameworksBuildPhase section */
		863C18A917A2F725005A6E84 /* Frameworks */ = {
			isa = PBXFrameworksBuildPhase;
			buildActionMask = 2147483647;
			files = (
				863C18B017A2F725005A6E84 /* UIKit.framework in Frameworks */,
				863C18B217A2F725005A6E84 /* Foundation.framework in Frameworks */,
				863C18B417A2F725005A6E84 /* CoreGraphics.framework in Frameworks */,
			);
			runOnlyForDeploymentPostprocessing = 0;
		};
		863C18CE17A2F726005A6E84 /* Frameworks */ = {
			isa = PBXFrameworksBuildPhase;
			buildActionMask = 2147483647;
			files = (
				863C18D417A2F726005A6E84 /* SenTestingKit.framework in Frameworks */,
				863C18D517A2F726005A6E84 /* UIKit.framework in Frameworks */,
				863C18D617A2F726005A6E84 /* Foundation.framework in Frameworks */,
			);
			runOnlyForDeploymentPostprocessing = 0;
		};
/* End PBXFrameworksBuildPhase section */

/* Begin PBXGroup section */
		863C18A317A2F725005A6E84 = {
			isa = PBXGroup;
			children = (
				863C19DD17A31CA3005A6E84 /* icon@2x.png */,
				863C19DB17A31C98005A6E84 /* icon.png */,
				863C18B517A2F725005A6E84 /* Mammioux6 */,
				863C18D917A2F726005A6E84 /* Mammioux6Tests */,
				863C18AE17A2F725005A6E84 /* Frameworks */,
				863C18AD17A2F725005A6E84 /* Products */,
			);
			sourceTree = "<group>";
		};
		863C18AD17A2F725005A6E84 /* Products */ = {
			isa = PBXGroup;
			children = (
				863C18AC17A2F725005A6E84 /* Mammioux6.app */,
				863C18D217A2F726005A6E84 /* Mammioux6Tests.octest */,
			);
			name = Products;
			sourceTree = "<group>";
		};
		863C18AE17A2F725005A6E84 /* Frameworks */ = {
			isa = PBXGroup;
			children = (
				863C18AF17A2F725005A6E84 /* UIKit.framework */,
				863C18B117A2F725005A6E84 /* Foundation.framework */,
				863C18B317A2F725005A6E84 /* CoreGraphics.framework */,
				863C18D317A2F726005A6E84 /* SenTestingKit.framework */,
			);
			name = Frameworks;
			sourceTree = "<group>";
		};
		863C18B517A2F725005A6E84 /* Mammioux6 */ = {
			isa = PBXGroup;
			children = (
				8647231417AAB736005E9160 /* Views */,
				863C190617A2F7C5005A6E84 /* Resources */,
				863C18EA17A2F771005A6E84 /* Controllers */,
				863C18BE17A2F725005A6E84 /* MXAppDelegate.h */,
				863C18BF17A2F725005A6E84 /* MXAppDelegate.m */,
				863C18C717A2F725005A6E84 /* MainStoryboard.storyboard */,
				863C18B617A2F725005A6E84 /* Supporting Files */,
			);
			path = Mammioux6;
			sourceTree = "<group>";
		};
		863C18B617A2F725005A6E84 /* Supporting Files */ = {
			isa = PBXGroup;
			children = (
				863C193817A2F86C005A6E84 /* Constants.h */,
				863C193917A2F881005A6E84 /* timers.plist */,
				863C18B717A2F725005A6E84 /* Mammioux6-Info.plist */,
				863C18B817A2F725005A6E84 /* InfoPlist.strings */,
				863C18BB17A2F725005A6E84 /* main.m */,
				863C18BD17A2F725005A6E84 /* Mammioux6-Prefix.pch */,
				863C18C117A2F725005A6E84 /* Default.png */,
				863C18C317A2F725005A6E84 /* Default@2x.png */,
				863C18C517A2F725005A6E84 /* Default-568h@2x.png */,
			);
			name = "Supporting Files";
			sourceTree = "<group>";
		};
		863C18D917A2F726005A6E84 /* Mammioux6Tests */ = {
			isa = PBXGroup;
			children = (
				863C18DF17A2F726005A6E84 /* Mammioux6Tests.h */,
				863C18E017A2F726005A6E84 /* Mammioux6Tests.m */,
				863C18DA17A2F726005A6E84 /* Supporting Files */,
			);
			path = Mammioux6Tests;
			sourceTree = "<group>";
		};
		863C18DA17A2F726005A6E84 /* Supporting Files */ = {
			isa = PBXGroup;
			children = (
				863C18DB17A2F726005A6E84 /* Mammioux6Tests-Info.plist */,
				863C18DC17A2F726005A6E84 /* InfoPlist.strings */,
			);
			name = "Supporting Files";
			sourceTree = "<group>";
		};
		863C18EA17A2F771005A6E84 /* Controllers */ = {
			isa = PBXGroup;
			children = (
				863C18EB17A2F7AC005A6E84 /* SettingsViewController.h */,
				863C18EC17A2F7AC005A6E84 /* SettingsViewController.m */,
				863C18ED17A2F7AC005A6E84 /* MammiouxViewController.h */,
				863C18EE17A2F7AC005A6E84 /* MammiouxViewController.m */,
				863C18F117A2F7AC005A6E84 /* TimerController.h */,
				863C18F217A2F7AC005A6E84 /* TimerController.m */,
				863C18F317A2F7AC005A6E84 /* mammiouxLog.h */,
				863C18F417A2F7AC005A6E84 /* mammiouxLog.m */,
				863C18F517A2F7AC005A6E84 /* InfoViewController.h */,
				863C18F617A2F7AC005A6E84 /* InfoViewController.m */,
				86EF995417AC1081005B5BB3 /* LogViewController.h */,
				86EF995517AC1081005B5BB3 /* LogViewController.m */,
			);
			path = Controllers;
			sourceTree = "<group>";
		};
		863C190617A2F7C5005A6E84 /* Resources */ = {
			isa = PBXGroup;
			children = (
				864722C517A84FFF005E9160 /* tableViewCells */,
				863C190D17A2F82A005A6E84 /* Images */,
				863C190717A2F7E6005A6E84 /* SettingsViewController.xib */,
			);
			path = Resources;
			sourceTree = "<group>";
		};
		863C190D17A2F82A005A6E84 /* Images */ = {
			isa = PBXGroup;
			children = (
				863C19D517A31C78005A6E84 /* icon@2x.png */,
				863C19D617A31C78005A6E84 /* icon.png */,
				863C19D717A31C79005A6E84 /* icon2.png */,
				863C190E17A2F849005A6E84 /* BlackBG.png */,
				863C190F17A2F849005A6E84 /* Left_Hand.png */,
				863C191017A2F849005A6E84 /* RIght_Hand.png */,
				863C191117A2F849005A6E84 /* icon2.jpg */,
				863C191417A2F849005A6E84 /* process.png */,
				863C191517A2F849005A6E84 /* icon06.png */,
				863C191617A2F849005A6E84 /* history.png */,
				863C191917A2F849005A6E84 /* Clock.jpg */,
				863C191A17A2F849005A6E84 /* Settings.jpg */,
				863C191B17A2F849005A6E84 /* iPhone_settings_icon_by_triumvirateebp.png */,
			);
			path = Images;
			sourceTree = "<group>";
		};
		864722C517A84FFF005E9160 /* tableViewCells */ = {
			isa = PBXGroup;
			children = (
				864722C717A850B7005E9160 /* NumericCell.h */,
				864722C817A850B7005E9160 /* NumericCell.m */,
			);
			name = tableViewCells;
			path = TableViewCells;
			sourceTree = "<group>";
		};
		8647231417AAB736005E9160 /* Views */ = {
			isa = PBXGroup;
			children = (
				8647231817AAB7EE005E9160 /* SettingsView.h */,
				8647231917AAB7EE005E9160 /* SettingsView.m */,
			);
			path = Views;
			sourceTree = "<group>";
		};
/* End PBXGroup section */

/* Begin PBXNativeTarget section */
		863C18AB17A2F725005A6E84 /* Mammioux6 */ = {
			isa = PBXNativeTarget;
			buildConfigurationList = 863C18E417A2F726005A6E84 /* Build configuration list for PBXNativeTarget "Mammioux6" */;
			buildPhases = (
				863C18A817A2F725005A6E84 /* Sources */,
				863C18A917A2F725005A6E84 /* Frameworks */,
				863C18AA17A2F725005A6E84 /* Resources */,
			);
			buildRules = (
			);
			dependencies = (
			);
			name = Mammioux6;
			productName = Mammioux6;
			productReference = 863C18AC17A2F725005A6E84 /* Mammioux6.app */;
			productType = "com.apple.product-type.application";
		};
		863C18D117A2F726005A6E84 /* Mammioux6Tests */ = {
			isa = PBXNativeTarget;
			buildConfigurationList = 863C18E717A2F726005A6E84 /* Build configuration list for PBXNativeTarget "Mammioux6Tests" */;
			buildPhases = (
				863C18CD17A2F726005A6E84 /* Sources */,
				863C18CE17A2F726005A6E84 /* Frameworks */,
				863C18CF17A2F726005A6E84 /* Resources */,
				863C18D017A2F726005A6E84 /* ShellScript */,
			);
			buildRules = (
			);
			dependencies = (
				863C18D817A2F726005A6E84 /* PBXTargetDependency */,
			);
			name = Mammioux6Tests;
			productName = Mammioux6Tests;
			productReference = 863C18D217A2F726005A6E84 /* Mammioux6Tests.octest */;
			productType = "com.apple.product-type.bundle";
		};
/* End PBXNativeTarget section */

/* Begin PBXProject section */
		863C18A417A2F725005A6E84 /* Project object */ = {
			isa = PBXProject;
			attributes = {
				CLASSPREFIX = MX;
				LastUpgradeCheck = 0460;
				ORGANIZATIONNAME = mammioux;
			};
			buildConfigurationList = 863C18A717A2F725005A6E84 /* Build configuration list for PBXProject "Mammioux6" */;
			compatibilityVersion = "Xcode 3.2";
			developmentRegion = English;
			hasScannedForEncodings = 0;
			knownRegions = (
				en,
			);
			mainGroup = 863C18A317A2F725005A6E84;
			productRefGroup = 863C18AD17A2F725005A6E84 /* Products */;
			projectDirPath = "";
			projectRoot = "";
			targets = (
				863C18AB17A2F725005A6E84 /* Mammioux6 */,
				863C18D117A2F726005A6E84 /* Mammioux6Tests */,
			);
		};
/* End PBXProject section */

/* Begin PBXResourcesBuildPhase section */
		863C18AA17A2F725005A6E84 /* Resources */ = {
			isa = PBXResourcesBuildPhase;
			buildActionMask = 2147483647;
			files = (
				863C18BA17A2F725005A6E84 /* InfoPlist.strings in Resources */,
				863C18C217A2F725005A6E84 /* Default.png in Resources */,
				863C18C417A2F725005A6E84 /* Default@2x.png in Resources */,
				863C18C617A2F725005A6E84 /* Default-568h@2x.png in Resources */,
				863C18C917A2F725005A6E84 /* MainStoryboard.storyboard in Resources */,
				863C190817A2F7E6005A6E84 /* SettingsViewController.xib in Resources */,
				863C191C17A2F849005A6E84 /* BlackBG.png in Resources */,
				863C191E17A2F849005A6E84 /* Left_Hand.png in Resources */,
				863C192017A2F849005A6E84 /* RIght_Hand.png in Resources */,
				863C192217A2F849005A6E84 /* icon2.jpg in Resources */,
				863C192817A2F849005A6E84 /* process.png in Resources */,
				863C192A17A2F849005A6E84 /* icon06.png in Resources */,
				863C192C17A2F849005A6E84 /* history.png in Resources */,
				863C193217A2F849005A6E84 /* Clock.jpg in Resources */,
				863C193417A2F849005A6E84 /* Settings.jpg in Resources */,
				863C193617A2F849005A6E84 /* iPhone_settings_icon_by_triumvirateebp.png in Resources */,
				863C193A17A2F881005A6E84 /* timers.plist in Resources */,
				863C19D817A31C7A005A6E84 /* icon@2x.png in Resources */,
				863C19D917A31C7A005A6E84 /* icon.png in Resources */,
			);
			runOnlyForDeploymentPostprocessing = 0;
		};
		863C18CF17A2F726005A6E84 /* Resources */ = {
			isa = PBXResourcesBuildPhase;
			buildActionMask = 2147483647;
			files = (
				863C18DE17A2F726005A6E84 /* InfoPlist.strings in Resources */,
				863C190917A2F7E6005A6E84 /* SettingsViewController.xib in Resources */,
				863C191D17A2F849005A6E84 /* BlackBG.png in Resources */,
				863C191F17A2F849005A6E84 /* Left_Hand.png in Resources */,
				863C192117A2F849005A6E84 /* RIght_Hand.png in Resources */,
				863C192317A2F849005A6E84 /* icon2.jpg in Resources */,
				863C192917A2F849005A6E84 /* process.png in Resources */,
				863C192B17A2F849005A6E84 /* icon06.png in Resources */,
				863C192D17A2F849005A6E84 /* history.png in Resources */,
				863C193317A2F849005A6E84 /* Clock.jpg in Resources */,
				863C193517A2F849005A6E84 /* Settings.jpg in Resources */,
				863C193717A2F849005A6E84 /* iPhone_settings_icon_by_triumvirateebp.png in Resources */,
			);
			runOnlyForDeploymentPostprocessing = 0;
		};
/* End PBXResourcesBuildPhase section */

/* Begin PBXShellScriptBuildPhase section */
		863C18D017A2F726005A6E84 /* ShellScript */ = {
			isa = PBXShellScriptBuildPhase;
			buildActionMask = 2147483647;
			files = (
			);
			inputPaths = (
			);
			outputPaths = (
			);
			runOnlyForDeploymentPostprocessing = 0;
			shellPath = /bin/sh;
			shellScript = "# Run the unit tests in this test bundle.\n\"${SYSTEM_DEVELOPER_DIR}/Tools/RunUnitTests\"\n";
		};
/* End PBXShellScriptBuildPhase section */

/* Begin PBXSourcesBuildPhase section */
		863C18A817A2F725005A6E84 /* Sources */ = {
			isa = PBXSourcesBuildPhase;
			buildActionMask = 2147483647;
			files = (
				863C18BC17A2F725005A6E84 /* main.m in Sources */,
				863C18C017A2F725005A6E84 /* MXAppDelegate.m in Sources */,
				863C18F817A2F7AC005A6E84 /* SettingsViewController.m in Sources */,
				863C18FA17A2F7AC005A6E84 /* MammiouxViewController.m in Sources */,
				863C18FE17A2F7AC005A6E84 /* TimerController.m in Sources */,
				863C190017A2F7AC005A6E84 /* mammiouxLog.m in Sources */,
				863C190217A2F7AC005A6E84 /* InfoViewController.m in Sources */,
				864722C917A850B7005E9160 /* NumericCell.m in Sources */,
				8647231A17AAB7EE005E9160 /* SettingsView.m in Sources */,
				86EF995617AC1081005B5BB3 /* LogViewController.m in Sources */,
			);
			runOnlyForDeploymentPostprocessing = 0;
		};
		863C18CD17A2F726005A6E84 /* Sources */ = {
			isa = PBXSourcesBuildPhase;
			buildActionMask = 2147483647;
			files = (
				863C18E117A2F726005A6E84 /* Mammioux6Tests.m in Sources */,
				863C18F917A2F7AC005A6E84 /* SettingsViewController.m in Sources */,
				863C18FB17A2F7AC005A6E84 /* MammiouxViewController.m in Sources */,
				863C18FF17A2F7AC005A6E84 /* TimerController.m in Sources */,
				863C190117A2F7AC005A6E84 /* mammiouxLog.m in Sources */,
				863C190317A2F7AC005A6E84 /* InfoViewController.m in Sources */,
			);
			runOnlyForDeploymentPostprocessing = 0;
		};
/* End PBXSourcesBuildPhase section */

/* Begin PBXTargetDependency section */
		863C18D817A2F726005A6E84 /* PBXTargetDependency */ = {
			isa = PBXTargetDependency;
			target = 863C18AB17A2F725005A6E84 /* Mammioux6 */;
			targetProxy = 863C18D717A2F726005A6E84 /* PBXContainerItemProxy */;
		};
/* End PBXTargetDependency section */

/* Begin PBXVariantGroup section */
		863C18B817A2F725005A6E84 /* InfoPlist.strings */ = {
			isa = PBXVariantGroup;
			children = (
				863C18B917A2F725005A6E84 /* en */,
			);
			name = InfoPlist.strings;
			sourceTree = "<group>";
		};
		863C18C717A2F725005A6E84 /* MainStoryboard.storyboard */ = {
			isa = PBXVariantGroup;
			children = (
				863C18C817A2F725005A6E84 /* en */,
			);
			name = MainStoryboard.storyboard;
			sourceTree = "<group>";
		};
		863C18DC17A2F726005A6E84 /* InfoPlist.strings */ = {
			isa = PBXVariantGroup;
			children = (
				863C18DD17A2F726005A6E84 /* en */,
			);
			name = InfoPlist.strings;
			sourceTree = "<group>";
		};
/* End PBXVariantGroup section */

/* Begin XCBuildConfiguration section */
		863C18E217A2F726005A6E84 /* Debug */ = {
			isa = XCBuildConfiguration;
			buildSettings = {
				ALWAYS_SEARCH_USER_PATHS = NO;
				CLANG_CXX_LANGUAGE_STANDARD = "gnu++0x";
				CLANG_CXX_LIBRARY = "libc++";
				CLANG_ENABLE_OBJC_ARC = YES;
				CLANG_WARN_CONSTANT_CONVERSION = YES;
				CLANG_WARN_EMPTY_BODY = YES;
				CLANG_WARN_ENUM_CONVERSION = YES;
				CLANG_WARN_INT_CONVERSION = YES;
				CLANG_WARN__DUPLICATE_METHOD_MATCH = YES;
				"CODE_SIGN_IDENTITY[sdk=iphoneos*]" = "iPhone Developer";
				COPY_PHASE_STRIP = NO;
				GCC_C_LANGUAGE_STANDARD = gnu99;
				GCC_DYNAMIC_NO_PIC = NO;
				GCC_OPTIMIZATION_LEVEL = 0;
				GCC_PREPROCESSOR_DEFINITIONS = (
					"DEBUG=1",
					"$(inherited)",
				);
				GCC_SYMBOLS_PRIVATE_EXTERN = NO;
				GCC_WARN_ABOUT_RETURN_TYPE = YES;
				GCC_WARN_UNINITIALIZED_AUTOS = YES;
				GCC_WARN_UNUSED_VARIABLE = YES;
				IPHONEOS_DEPLOYMENT_TARGET = 6.1;
				ONLY_ACTIVE_ARCH = YES;
				SDKROOT = iphoneos;
			};
			name = Debug;
		};
		863C18E317A2F726005A6E84 /* Release */ = {
			isa = XCBuildConfiguration;
			buildSettings = {
				ALWAYS_SEARCH_USER_PATHS = NO;
				CLANG_CXX_LANGUAGE_STANDARD = "gnu++0x";
				CLANG_CXX_LIBRARY = "libc++";
				CLANG_ENABLE_OBJC_ARC = YES;
				CLANG_WARN_CONSTANT_CONVERSION = YES;
				CLANG_WARN_EMPTY_BODY = YES;
				CLANG_WARN_ENUM_CONVERSION = YES;
				CLANG_WARN_INT_CONVERSION = YES;
				CLANG_WARN__DUPLICATE_METHOD_MATCH = YES;
				"CODE_SIGN_IDENTITY[sdk=iphoneos*]" = "iPhone Developer";
				COPY_PHASE_STRIP = YES;
				GCC_C_LANGUAGE_STANDARD = gnu99;
				GCC_WARN_ABOUT_RETURN_TYPE = YES;
				GCC_WARN_UNINITIALIZED_AUTOS = YES;
				GCC_WARN_UNUSED_VARIABLE = YES;
				IPHONEOS_DEPLOYMENT_TARGET = 6.1;
				OTHER_CFLAGS = "-DNS_BLOCK_ASSERTIONS=1";
				SDKROOT = iphoneos;
				VALIDATE_PRODUCT = YES;
			};
			name = Release;
		};
		863C18E517A2F726005A6E84 /* Debug */ = {
			isa = XCBuildConfiguration;
			buildSettings = {
				GCC_PRECOMPILE_PREFIX_HEADER = YES;
				GCC_PREFIX_HEADER = "Mammioux6/Mammioux6-Prefix.pch";
				INFOPLIST_FILE = "Mammioux6/Mammioux6-Info.plist";
				PRODUCT_NAME = "$(TARGET_NAME)";
				WRAPPER_EXTENSION = app;
			};
			name = Debug;
		};
		863C18E617A2F726005A6E84 /* Release */ = {
			isa = XCBuildConfiguration;
			buildSettings = {
				GCC_PRECOMPILE_PREFIX_HEADER = YES;
				GCC_PREFIX_HEADER = "Mammioux6/Mammioux6-Prefix.pch";
				INFOPLIST_FILE = "Mammioux6/Mammioux6-Info.plist";
				PRODUCT_NAME = "$(TARGET_NAME)";
				WRAPPER_EXTENSION = app;
			};
			name = Release;
		};
		863C18E817A2F726005A6E84 /* Debug */ = {
			isa = XCBuildConfiguration;
			buildSettings = {
				BUNDLE_LOADER = "$(BUILT_PRODUCTS_DIR)/Mammioux6.app/Mammioux6";
				FRAMEWORK_SEARCH_PATHS = (
					"\"$(SDKROOT)/Developer/Library/Frameworks\"",
					"\"$(DEVELOPER_LIBRARY_DIR)/Frameworks\"",
				);
				GCC_PRECOMPILE_PREFIX_HEADER = YES;
				GCC_PREFIX_HEADER = "Mammioux6/Mammioux6-Prefix.pch";
				INFOPLIST_FILE = "Mammioux6Tests/Mammioux6Tests-Info.plist";
				PRODUCT_NAME = "$(TARGET_NAME)";
				TEST_HOST = "$(BUNDLE_LOADER)";
				WRAPPER_EXTENSION = octest;
			};
			name = Debug;
		};
		863C18E917A2F726005A6E84 /* Release */ = {
			isa = XCBuildConfiguration;
			buildSettings = {
				BUNDLE_LOADER = "$(BUILT_PRODUCTS_DIR)/Mammioux6.app/Mammioux6";
				FRAMEWORK_SEARCH_PATHS = (
					"\"$(SDKROOT)/Developer/Library/Frameworks\"",
					"\"$(DEVELOPER_LIBRARY_DIR)/Frameworks\"",
				);
				GCC_PRECOMPILE_PREFIX_HEADER = YES;
				GCC_PREFIX_HEADER = "Mammioux6/Mammioux6-Prefix.pch";
				INFOPLIST_FILE = "Mammioux6Tests/Mammioux6Tests-Info.plist";
				PRODUCT_NAME = "$(TARGET_NAME)";
				TEST_HOST = "$(BUNDLE_LOADER)";
				WRAPPER_EXTENSION = octest;
			};
			name = Release;
		};
/* End XCBuildConfiguration section */

/* Begin XCConfigurationList section */
		863C18A717A2F725005A6E84 /* Build configuration list for PBXProject "Mammioux6" */ = {
			isa = XCConfigurationList;
			buildConfigurations = (
				863C18E217A2F726005A6E84 /* Debug */,
				863C18E317A2F726005A6E84 /* Release */,
			);
			defaultConfigurationIsVisible = 0;
			defaultConfigurationName = Release;
		};
		863C18E417A2F726005A6E84 /* Build configuration list for PBXNativeTarget "Mammioux6" */ = {
			isa = XCConfigurationList;
			buildConfigurations = (
				863C18E517A2F726005A6E84 /* Debug */,
				863C18E617A2F726005A6E84 /* Release */,
			);
			defaultConfigurationIsVisible = 0;
			defaultConfigurationName = Release;
		};
		863C18E717A2F726005A6E84 /* Build configuration list for PBXNativeTarget "Mammioux6Tests" */ = {
			isa = XCConfigurationList;
			buildConfigurations = (
				863C18E817A2F726005A6E84 /* Debug */,
				863C18E917A2F726005A6E84 /* Release */,
			);
			defaultConfigurationIsVisible = 0;
			defaultConfigurationName = Release;
		};
/* End XCConfigurationList section */
	};
	rootObject = 863C18A417A2F725005A6E84 /* Project object */;
}
