// !$*UTF8*$!
{
	archiveVersion = 1;
	classes = {
	};
	objectVersion = 46;
	objects = {

/* Begin PBXBuildFile section */
		0BE01D241AF9C829004A078C /* Icon.png in Resources */ = {isa = PBXBuildFile; fileRef = 863C19D617A31C78005A6E84 /* Icon.png */; };
		0BE01D251AF9C82B004A078C /* Icon.png in Resources */ = {isa = PBXBuildFile; fileRef = 863C19D617A31C78005A6E84 /* Icon.png */; };
		0BE01D261AF9C82B004A078C /* Icon.png in Resources */ = {isa = PBXBuildFile; fileRef = 863C19D617A31C78005A6E84 /* Icon.png */; };
		0BE01D271AF9CB04004A078C /* Images.xcassets in Resources */ = {isa = PBXBuildFile; fileRef = DFE666991AF95B6E001377DD /* Images.xcassets */; };
		0BE01D281AF9CB08004A078C /* Images.xcassets in Resources */ = {isa = PBXBuildFile; fileRef = DFE666991AF95B6E001377DD /* Images.xcassets */; };
		863C18B017A2F725005A6E84 /* UIKit.framework in Frameworks */ = {isa = PBXBuildFile; fileRef = 863C18AF17A2F725005A6E84 /* UIKit.framework */; };
		863C18B217A2F725005A6E84 /* Foundation.framework in Frameworks */ = {isa = PBXBuildFile; fileRef = 863C18B117A2F725005A6E84 /* Foundation.framework */; };
		863C18B417A2F725005A6E84 /* CoreGraphics.framework in Frameworks */ = {isa = PBXBuildFile; fileRef = 863C18B317A2F725005A6E84 /* CoreGraphics.framework */; };
		863C18BA17A2F725005A6E84 /* InfoPlist.strings in Resources */ = {isa = PBXBuildFile; fileRef = 863C18B817A2F725005A6E84 /* InfoPlist.strings */; };
		863C18BC17A2F725005A6E84 /* main.m in Sources */ = {isa = PBXBuildFile; fileRef = 863C18BB17A2F725005A6E84 /* main.m */; };
		863C18C017A2F725005A6E84 /* MXAppDelegate.m in Sources */ = {isa = PBXBuildFile; fileRef = 863C18BF17A2F725005A6E84 /* MXAppDelegate.m */; };
		863C18C217A2F725005A6E84 /* Default.png in Resources */ = {isa = PBXBuildFile; fileRef = 863C18C117A2F725005A6E84 /* Default.png */; };
		863C18C417A2F725005A6E84 /* Default@2x.png in Resources */ = {isa = PBXBuildFile; fileRef = 863C18C317A2F725005A6E84 /* Default@2x.png */; };
		863C18C617A2F725005A6E84 /* Default-568h@2x.png in Resources */ = {isa = PBXBuildFile; fileRef = 863C18C517A2F725005A6E84 /* Default-568h@2x.png */; };
		863C18C917A2F725005A6E84 /* MainStoryboard.storyboard in Resources */ = {isa = PBXBuildFile; fileRef = 863C18C717A2F725005A6E84 /* MainStoryboard.storyboard */; };
		863C18F817A2F7AC005A6E84 /* SettingsViewController.m in Sources */ = {isa = PBXBuildFile; fileRef = 863C18EC17A2F7AC005A6E84 /* SettingsViewController.m */; };
		863C18FA17A2F7AC005A6E84 /* MammiouxViewController.m in Sources */ = {isa = PBXBuildFile; fileRef = 863C18EE17A2F7AC005A6E84 /* MammiouxViewController.m */; };
		863C18FE17A2F7AC005A6E84 /* TimerController.m in Sources */ = {isa = PBXBuildFile; fileRef = 863C18F217A2F7AC005A6E84 /* TimerController.m */; };
		863C190017A2F7AC005A6E84 /* mammiouxLog.m in Sources */ = {isa = PBXBuildFile; fileRef = 863C18F417A2F7AC005A6E84 /* mammiouxLog.m */; };
		863C190217A2F7AC005A6E84 /* InfoViewController.m in Sources */ = {isa = PBXBuildFile; fileRef = 863C18F617A2F7AC005A6E84 /* InfoViewController.m */; };
		863C191C17A2F849005A6E84 /* BlackBG.png in Resources */ = {isa = PBXBuildFile; fileRef = 863C190E17A2F849005A6E84 /* BlackBG.png */; };
		863C191E17A2F849005A6E84 /* Left_Hand.png in Resources */ = {isa = PBXBuildFile; fileRef = 863C190F17A2F849005A6E84 /* Left_Hand.png */; };
		863C192017A2F849005A6E84 /* RIght_Hand.png in Resources */ = {isa = PBXBuildFile; fileRef = 863C191017A2F849005A6E84 /* RIght_Hand.png */; };
		863C192817A2F849005A6E84 /* process.png in Resources */ = {isa = PBXBuildFile; fileRef = 863C191417A2F849005A6E84 /* process.png */; };
		863C192A17A2F849005A6E84 /* icon06.png in Resources */ = {isa = PBXBuildFile; fileRef = 863C191517A2F849005A6E84 /* icon06.png */; };
		863C192C17A2F849005A6E84 /* history.png in Resources */ = {isa = PBXBuildFile; fileRef = 863C191617A2F849005A6E84 /* history.png */; };
		863C193617A2F849005A6E84 /* iPhone_settings_icon_by_triumvirateebp.png in Resources */ = {isa = PBXBuildFile; fileRef = 863C191B17A2F849005A6E84 /* iPhone_settings_icon_by_triumvirateebp.png */; };
		863C193A17A2F881005A6E84 /* timers.plist in Resources */ = {isa = PBXBuildFile; fileRef = 863C193917A2F881005A6E84 /* timers.plist */; };
		864722C917A850B7005E9160 /* NumericCell.m in Sources */ = {isa = PBXBuildFile; fileRef = 864722C817A850B7005E9160 /* NumericCell.m */; };
		8647231A17AAB7EE005E9160 /* SettingsView.m in Sources */ = {isa = PBXBuildFile; fileRef = 8647231917AAB7EE005E9160 /* SettingsView.m */; };
		86BB985917B0440D001FEF29 /* greenBG.png in Resources */ = {isa = PBXBuildFile; fileRef = 86BB985817B0440D001FEF29 /* greenBG.png */; };
		86EF995617AC1081005B5BB3 /* LogViewController.m in Sources */ = {isa = PBXBuildFile; fileRef = 86EF995517AC1081005B5BB3 /* LogViewController.m */; };
		DFE666841AF95B6D001377DD /* InterfaceController.m in Sources */ = {isa = PBXBuildFile; fileRef = DFE666831AF95B6D001377DD /* InterfaceController.m */; };
		DFE666871AF95B6D001377DD /* NotificationController.m in Sources */ = {isa = PBXBuildFile; fileRef = DFE666861AF95B6D001377DD /* NotificationController.m */; };
		DFE6668A1AF95B6D001377DD /* GlanceController.m in Sources */ = {isa = PBXBuildFile; fileRef = DFE666891AF95B6D001377DD /* GlanceController.m */; };
		DFE6668C1AF95B6D001377DD /* Images.xcassets in Resources */ = {isa = PBXBuildFile; fileRef = DFE6668B1AF95B6D001377DD /* Images.xcassets */; };
		DFE666901AF95B6E001377DD /* Mammioux WatchKit App.app in Resources */ = {isa = PBXBuildFile; fileRef = DFE6668F1AF95B6E001377DD /* Mammioux WatchKit App.app */; };
		DFE666981AF95B6E001377DD /* Interface.storyboard in Resources */ = {isa = PBXBuildFile; fileRef = DFE666961AF95B6E001377DD /* Interface.storyboard */; };
		DFE6669A1AF95B6E001377DD /* Images.xcassets in Resources */ = {isa = PBXBuildFile; fileRef = DFE666991AF95B6E001377DD /* Images.xcassets */; };
		DFE6669D1AF95B6E001377DD /* Mammioux WatchKit Extension.appex in Embed App Extensions */ = {isa = PBXBuildFile; fileRef = DFE6667D1AF95B6D001377DD /* Mammioux WatchKit Extension.appex */; settings = {ATTRIBUTES = (RemoveHeadersOnCopy, ); }; };
		DFE666A61AF97167001377DD /* RIght_Hand.png in Resources */ = {isa = PBXBuildFile; fileRef = 863C191017A2F849005A6E84 /* RIght_Hand.png */; };
		DFE666A71AF9716B001377DD /* RIght_Hand.png in Resources */ = {isa = PBXBuildFile; fileRef = 863C191017A2F849005A6E84 /* RIght_Hand.png */; };
		DFE666A81AF97187001377DD /* Left_Hand.png in Resources */ = {isa = PBXBuildFile; fileRef = 863C190F17A2F849005A6E84 /* Left_Hand.png */; };
		DFE666A91AF97188001377DD /* Left_Hand.png in Resources */ = {isa = PBXBuildFile; fileRef = 863C190F17A2F849005A6E84 /* Left_Hand.png */; };
/* End PBXBuildFile section */

/* Begin PBXContainerItemProxy section */
		DFE666911AF95B6E001377DD /* PBXContainerItemProxy */ = {
			isa = PBXContainerItemProxy;
			containerPortal = 863C18A417A2F725005A6E84 /* Project object */;
			proxyType = 1;
			remoteGlobalIDString = DFE6668E1AF95B6E001377DD;
			remoteInfo = "Mammioux WatchKit App";
		};
		DFE6669B1AF95B6E001377DD /* PBXContainerItemProxy */ = {
			isa = PBXContainerItemProxy;
			containerPortal = 863C18A417A2F725005A6E84 /* Project object */;
			proxyType = 1;
			remoteGlobalIDString = DFE6667C1AF95B6D001377DD;
			remoteInfo = "Mammioux WatchKit Extension";
		};
/* End PBXContainerItemProxy section */

/* Begin PBXCopyFilesBuildPhase section */
		DFE666A41AF95B6E001377DD /* Embed App Extensions */ = {
			isa = PBXCopyFilesBuildPhase;
			buildActionMask = 2147483647;
			dstPath = "";
			dstSubfolderSpec = 13;
			files = (
				DFE6669D1AF95B6E001377DD /* Mammioux WatchKit Extension.appex in Embed App Extensions */,
			);
			name = "Embed App Extensions";
			runOnlyForDeploymentPostprocessing = 0;
		};
/* End PBXCopyFilesBuildPhase section */

/* Begin PBXFileReference section */
		014BF06117B2A23100D1DBB0 /* Mammioux6.entitlements */ = {isa = PBXFileReference; lastKnownFileType = text.xml; path = Mammioux6.entitlements; sourceTree = "<group>"; };
		863C18AC17A2F725005A6E84 /* Mammioux.app */ = {isa = PBXFileReference; explicitFileType = wrapper.application; includeInIndex = 0; path = Mammioux.app; sourceTree = BUILT_PRODUCTS_DIR; };
		863C18AF17A2F725005A6E84 /* UIKit.framework */ = {isa = PBXFileReference; lastKnownFileType = wrapper.framework; name = UIKit.framework; path = System/Library/Frameworks/UIKit.framework; sourceTree = SDKROOT; };
		863C18B117A2F725005A6E84 /* Foundation.framework */ = {isa = PBXFileReference; lastKnownFileType = wrapper.framework; name = Foundation.framework; path = System/Library/Frameworks/Foundation.framework; sourceTree = SDKROOT; };
		863C18B317A2F725005A6E84 /* CoreGraphics.framework */ = {isa = PBXFileReference; lastKnownFileType = wrapper.framework; name = CoreGraphics.framework; path = System/Library/Frameworks/CoreGraphics.framework; sourceTree = SDKROOT; };
		863C18B717A2F725005A6E84 /* Mammioux-Info.plist */ = {isa = PBXFileReference; lastKnownFileType = text.plist.xml; path = "Mammioux-Info.plist"; sourceTree = "<group>"; };
		863C18B917A2F725005A6E84 /* en */ = {isa = PBXFileReference; lastKnownFileType = text.plist.strings; name = en; path = en.lproj/InfoPlist.strings; sourceTree = "<group>"; };
		863C18BB17A2F725005A6E84 /* main.m */ = {isa = PBXFileReference; lastKnownFileType = sourcecode.c.objc; path = main.m; sourceTree = "<group>"; };
		863C18BD17A2F725005A6E84 /* Mammioux-Prefix.pch */ = {isa = PBXFileReference; lastKnownFileType = sourcecode.c.h; path = "Mammioux-Prefix.pch"; sourceTree = "<group>"; };
		863C18BE17A2F725005A6E84 /* MXAppDelegate.h */ = {isa = PBXFileReference; lastKnownFileType = sourcecode.c.h; path = MXAppDelegate.h; sourceTree = "<group>"; };
		863C18BF17A2F725005A6E84 /* MXAppDelegate.m */ = {isa = PBXFileReference; lastKnownFileType = sourcecode.c.objc; path = MXAppDelegate.m; sourceTree = "<group>"; };
		863C18C117A2F725005A6E84 /* Default.png */ = {isa = PBXFileReference; lastKnownFileType = image.png; path = Default.png; sourceTree = "<group>"; };
		863C18C317A2F725005A6E84 /* Default@2x.png */ = {isa = PBXFileReference; lastKnownFileType = image.png; path = "Default@2x.png"; sourceTree = "<group>"; };
		863C18C517A2F725005A6E84 /* Default-568h@2x.png */ = {isa = PBXFileReference; lastKnownFileType = image.png; path = "Default-568h@2x.png"; sourceTree = "<group>"; };
		863C18C817A2F725005A6E84 /* en */ = {isa = PBXFileReference; lastKnownFileType = file.storyboard; name = en; path = en.lproj/MainStoryboard.storyboard; sourceTree = "<group>"; };
		863C18D317A2F726005A6E84 /* SenTestingKit.framework */ = {isa = PBXFileReference; lastKnownFileType = wrapper.framework; name = SenTestingKit.framework; path = Library/Frameworks/SenTestingKit.framework; sourceTree = DEVELOPER_DIR; };
		863C18DB17A2F726005A6E84 /* Mammioux6Tests-Info.plist */ = {isa = PBXFileReference; lastKnownFileType = text.plist.xml; path = "Mammioux6Tests-Info.plist"; sourceTree = "<group>"; };
		863C18DD17A2F726005A6E84 /* en */ = {isa = PBXFileReference; lastKnownFileType = text.plist.strings; name = en; path = en.lproj/InfoPlist.strings; sourceTree = "<group>"; };
		863C18DF17A2F726005A6E84 /* Mammioux6Tests.h */ = {isa = PBXFileReference; lastKnownFileType = sourcecode.c.h; path = Mammioux6Tests.h; sourceTree = "<group>"; };
		863C18E017A2F726005A6E84 /* Mammioux6Tests.m */ = {isa = PBXFileReference; lastKnownFileType = sourcecode.c.objc; path = Mammioux6Tests.m; sourceTree = "<group>"; };
		863C18EB17A2F7AC005A6E84 /* SettingsViewController.h */ = {isa = PBXFileReference; fileEncoding = 4; lastKnownFileType = sourcecode.c.h; path = SettingsViewController.h; sourceTree = "<group>"; };
		863C18EC17A2F7AC005A6E84 /* SettingsViewController.m */ = {isa = PBXFileReference; fileEncoding = 4; lastKnownFileType = sourcecode.c.objc; path = SettingsViewController.m; sourceTree = "<group>"; };
		863C18ED17A2F7AC005A6E84 /* MammiouxViewController.h */ = {isa = PBXFileReference; fileEncoding = 4; lastKnownFileType = sourcecode.c.h; path = MammiouxViewController.h; sourceTree = "<group>"; };
		863C18EE17A2F7AC005A6E84 /* MammiouxViewController.m */ = {isa = PBXFileReference; fileEncoding = 4; lastKnownFileType = sourcecode.c.objc; path = MammiouxViewController.m; sourceTree = "<group>"; };
		863C18F117A2F7AC005A6E84 /* TimerController.h */ = {isa = PBXFileReference; fileEncoding = 4; lastKnownFileType = sourcecode.c.h; path = TimerController.h; sourceTree = "<group>"; };
		863C18F217A2F7AC005A6E84 /* TimerController.m */ = {isa = PBXFileReference; fileEncoding = 4; lastKnownFileType = sourcecode.c.objc; path = TimerController.m; sourceTree = "<group>"; };
		863C18F317A2F7AC005A6E84 /* mammiouxLog.h */ = {isa = PBXFileReference; fileEncoding = 4; lastKnownFileType = sourcecode.c.h; path = mammiouxLog.h; sourceTree = "<group>"; };
		863C18F417A2F7AC005A6E84 /* mammiouxLog.m */ = {isa = PBXFileReference; fileEncoding = 4; lastKnownFileType = sourcecode.c.objc; path = mammiouxLog.m; sourceTree = "<group>"; };
		863C18F517A2F7AC005A6E84 /* InfoViewController.h */ = {isa = PBXFileReference; fileEncoding = 4; lastKnownFileType = sourcecode.c.h; path = InfoViewController.h; sourceTree = "<group>"; };
		863C18F617A2F7AC005A6E84 /* InfoViewController.m */ = {isa = PBXFileReference; fileEncoding = 4; lastKnownFileType = sourcecode.c.objc; path = InfoViewController.m; sourceTree = "<group>"; };
		863C190E17A2F849005A6E84 /* BlackBG.png */ = {isa = PBXFileReference; lastKnownFileType = image.png; path = BlackBG.png; sourceTree = "<group>"; };
		863C190F17A2F849005A6E84 /* Left_Hand.png */ = {isa = PBXFileReference; lastKnownFileType = image.png; path = Left_Hand.png; sourceTree = "<group>"; };
		863C191017A2F849005A6E84 /* RIght_Hand.png */ = {isa = PBXFileReference; lastKnownFileType = image.png; path = RIght_Hand.png; sourceTree = "<group>"; };
		863C191417A2F849005A6E84 /* process.png */ = {isa = PBXFileReference; lastKnownFileType = image.png; path = process.png; sourceTree = "<group>"; };
		863C191517A2F849005A6E84 /* icon06.png */ = {isa = PBXFileReference; lastKnownFileType = image.png; path = icon06.png; sourceTree = "<group>"; };
		863C191617A2F849005A6E84 /* history.png */ = {isa = PBXFileReference; lastKnownFileType = image.png; path = history.png; sourceTree = "<group>"; };
		863C191B17A2F849005A6E84 /* iPhone_settings_icon_by_triumvirateebp.png */ = {isa = PBXFileReference; lastKnownFileType = image.png; path = iPhone_settings_icon_by_triumvirateebp.png; sourceTree = "<group>"; };
		863C193817A2F86C005A6E84 /* Constants.h */ = {isa = PBXFileReference; fileEncoding = 4; lastKnownFileType = sourcecode.c.h; path = Constants.h; sourceTree = "<group>"; };
		863C193917A2F881005A6E84 /* timers.plist */ = {isa = PBXFileReference; fileEncoding = 4; lastKnownFileType = text.plist.xml; path = timers.plist; sourceTree = "<group>"; };
		863C19D617A31C78005A6E84 /* Icon.png */ = {isa = PBXFileReference; lastKnownFileType = image.png; path = Icon.png; sourceTree = "<group>"; };
		863C19D717A31C79005A6E84 /* icon2.png */ = {isa = PBXFileReference; lastKnownFileType = image.png; path = icon2.png; sourceTree = "<group>"; };
		864722C717A850B7005E9160 /* NumericCell.h */ = {isa = PBXFileReference; fileEncoding = 4; lastKnownFileType = sourcecode.c.h; name = NumericCell.h; path = Mammioux6/Resources/NumericCell.h; sourceTree = SOURCE_ROOT; };
		864722C817A850B7005E9160 /* NumericCell.m */ = {isa = PBXFileReference; fileEncoding = 4; lastKnownFileType = sourcecode.c.objc; name = NumericCell.m; path = Mammioux6/Resources/NumericCell.m; sourceTree = SOURCE_ROOT; };
		8647231817AAB7EE005E9160 /* SettingsView.h */ = {isa = PBXFileReference; fileEncoding = 4; lastKnownFileType = sourcecode.c.h; path = SettingsView.h; sourceTree = "<group>"; };
		8647231917AAB7EE005E9160 /* SettingsView.m */ = {isa = PBXFileReference; fileEncoding = 4; lastKnownFileType = sourcecode.c.objc; path = SettingsView.m; sourceTree = "<group>"; };
		86BB985817B0440D001FEF29 /* greenBG.png */ = {isa = PBXFileReference; lastKnownFileType = image.png; path = greenBG.png; sourceTree = "<group>"; };
		86EF995417AC1081005B5BB3 /* LogViewController.h */ = {isa = PBXFileReference; fileEncoding = 4; lastKnownFileType = sourcecode.c.h; path = LogViewController.h; sourceTree = "<group>"; };
		86EF995517AC1081005B5BB3 /* LogViewController.m */ = {isa = PBXFileReference; fileEncoding = 4; lastKnownFileType = sourcecode.c.objc; path = LogViewController.m; sourceTree = "<group>"; };
		DFE6667D1AF95B6D001377DD /* Mammioux WatchKit Extension.appex */ = {isa = PBXFileReference; explicitFileType = "wrapper.app-extension"; includeInIndex = 0; path = "Mammioux WatchKit Extension.appex"; sourceTree = BUILT_PRODUCTS_DIR; };
		DFE666801AF95B6D001377DD /* Info.plist */ = {isa = PBXFileReference; lastKnownFileType = text.plist.xml; path = Info.plist; sourceTree = "<group>"; };
		DFE666811AF95B6D001377DD /* PushNotificationPayload.apns */ = {isa = PBXFileReference; lastKnownFileType = text; path = PushNotificationPayload.apns; sourceTree = "<group>"; };
		DFE666821AF95B6D001377DD /* InterfaceController.h */ = {isa = PBXFileReference; lastKnownFileType = sourcecode.c.h; path = InterfaceController.h; sourceTree = "<group>"; };
		DFE666831AF95B6D001377DD /* InterfaceController.m */ = {isa = PBXFileReference; lastKnownFileType = sourcecode.c.objc; path = InterfaceController.m; sourceTree = "<group>"; };
		DFE666851AF95B6D001377DD /* NotificationController.h */ = {isa = PBXFileReference; lastKnownFileType = sourcecode.c.h; path = NotificationController.h; sourceTree = "<group>"; };
		DFE666861AF95B6D001377DD /* NotificationController.m */ = {isa = PBXFileReference; lastKnownFileType = sourcecode.c.objc; path = NotificationController.m; sourceTree = "<group>"; };
		DFE666881AF95B6D001377DD /* GlanceController.h */ = {isa = PBXFileReference; lastKnownFileType = sourcecode.c.h; path = GlanceController.h; sourceTree = "<group>"; };
		DFE666891AF95B6D001377DD /* GlanceController.m */ = {isa = PBXFileReference; lastKnownFileType = sourcecode.c.objc; path = GlanceController.m; sourceTree = "<group>"; };
		DFE6668B1AF95B6D001377DD /* Images.xcassets */ = {isa = PBXFileReference; lastKnownFileType = folder.assetcatalog; path = Images.xcassets; sourceTree = "<group>"; };
		DFE6668F1AF95B6E001377DD /* Mammioux WatchKit App.app */ = {isa = PBXFileReference; explicitFileType = wrapper.application; includeInIndex = 0; path = "Mammioux WatchKit App.app"; sourceTree = BUILT_PRODUCTS_DIR; };
		DFE666951AF95B6E001377DD /* Info.plist */ = {isa = PBXFileReference; lastKnownFileType = text.plist.xml; path = Info.plist; sourceTree = "<group>"; };
		DFE666971AF95B6E001377DD /* Base */ = {isa = PBXFileReference; lastKnownFileType = file.storyboard; name = Base; path = Base.lproj/Interface.storyboard; sourceTree = "<group>"; };
		DFE666991AF95B6E001377DD /* Images.xcassets */ = {isa = PBXFileReference; lastKnownFileType = folder.assetcatalog; path = Images.xcassets; sourceTree = "<group>"; };
/* End PBXFileReference section */

/* Begin PBXFrameworksBuildPhase section */
		863C18A917A2F725005A6E84 /* Frameworks */ = {
			isa = PBXFrameworksBuildPhase;
			buildActionMask = 2147483647;
			files = (
				863C18B017A2F725005A6E84 /* UIKit.framework in Frameworks */,
				863C18B217A2F725005A6E84 /* Foundation.framework in Frameworks */,
				863C18B417A2F725005A6E84 /* CoreGraphics.framework in Frameworks */,
			);
			runOnlyForDeploymentPostprocessing = 0;
		};
		DFE6667A1AF95B6D001377DD /* Frameworks */ = {
			isa = PBXFrameworksBuildPhase;
			buildActionMask = 2147483647;
			files = (
			);
			runOnlyForDeploymentPostprocessing = 0;
		};
/* End PBXFrameworksBuildPhase section */

/* Begin PBXGroup section */
		863C18A317A2F725005A6E84 = {
			isa = PBXGroup;
			children = (
				863C18B517A2F725005A6E84 /* Mammioux6 */,
				863C18D917A2F726005A6E84 /* Mammioux6Tests */,
				DFE6667E1AF95B6D001377DD /* Mammioux WatchKit Extension */,
				DFE666931AF95B6E001377DD /* Mammioux WatchKit App */,
				863C18AE17A2F725005A6E84 /* Frameworks */,
				863C18AD17A2F725005A6E84 /* Products */,
			);
			sourceTree = "<group>";
		};
		863C18AD17A2F725005A6E84 /* Products */ = {
			isa = PBXGroup;
			children = (
				863C18AC17A2F725005A6E84 /* Mammioux.app */,
				DFE6667D1AF95B6D001377DD /* Mammioux WatchKit Extension.appex */,
				DFE6668F1AF95B6E001377DD /* Mammioux WatchKit App.app */,
			);
			name = Products;
			sourceTree = "<group>";
		};
		863C18AE17A2F725005A6E84 /* Frameworks */ = {
			isa = PBXGroup;
			children = (
				863C18AF17A2F725005A6E84 /* UIKit.framework */,
				863C18B117A2F725005A6E84 /* Foundation.framework */,
				863C18B317A2F725005A6E84 /* CoreGraphics.framework */,
				863C18D317A2F726005A6E84 /* SenTestingKit.framework */,
			);
			name = Frameworks;
			sourceTree = "<group>";
		};
		863C18B517A2F725005A6E84 /* Mammioux6 */ = {
			isa = PBXGroup;
			children = (
				014BF06117B2A23100D1DBB0 /* Mammioux6.entitlements */,
				8647231417AAB736005E9160 /* Views */,
				863C190617A2F7C5005A6E84 /* Resources */,
				863C18EA17A2F771005A6E84 /* Controllers */,
				863C18BE17A2F725005A6E84 /* MXAppDelegate.h */,
				863C18BF17A2F725005A6E84 /* MXAppDelegate.m */,
				863C18C717A2F725005A6E84 /* MainStoryboard.storyboard */,
				863C18B617A2F725005A6E84 /* Supporting Files */,
			);
			path = Mammioux6;
			sourceTree = "<group>";
		};
		863C18B617A2F725005A6E84 /* Supporting Files */ = {
			isa = PBXGroup;
			children = (
				863C193817A2F86C005A6E84 /* Constants.h */,
				863C193917A2F881005A6E84 /* timers.plist */,
				863C18B717A2F725005A6E84 /* Mammioux-Info.plist */,
				863C18B817A2F725005A6E84 /* InfoPlist.strings */,
				863C18BB17A2F725005A6E84 /* main.m */,
				863C18BD17A2F725005A6E84 /* Mammioux-Prefix.pch */,
				863C18C117A2F725005A6E84 /* Default.png */,
				863C18C317A2F725005A6E84 /* Default@2x.png */,
				863C18C517A2F725005A6E84 /* Default-568h@2x.png */,
			);
			name = "Supporting Files";
			sourceTree = "<group>";
		};
		863C18D917A2F726005A6E84 /* Mammioux6Tests */ = {
			isa = PBXGroup;
			children = (
				863C18DF17A2F726005A6E84 /* Mammioux6Tests.h */,
				863C18E017A2F726005A6E84 /* Mammioux6Tests.m */,
				863C18DA17A2F726005A6E84 /* Supporting Files */,
			);
			path = Mammioux6Tests;
			sourceTree = "<group>";
		};
		863C18DA17A2F726005A6E84 /* Supporting Files */ = {
			isa = PBXGroup;
			children = (
				863C18DB17A2F726005A6E84 /* Mammioux6Tests-Info.plist */,
				863C18DC17A2F726005A6E84 /* InfoPlist.strings */,
			);
			name = "Supporting Files";
			sourceTree = "<group>";
		};
		863C18EA17A2F771005A6E84 /* Controllers */ = {
			isa = PBXGroup;
			children = (
				863C18EB17A2F7AC005A6E84 /* SettingsViewController.h */,
				863C18EC17A2F7AC005A6E84 /* SettingsViewController.m */,
				863C18ED17A2F7AC005A6E84 /* MammiouxViewController.h */,
				863C18EE17A2F7AC005A6E84 /* MammiouxViewController.m */,
				863C18F117A2F7AC005A6E84 /* TimerController.h */,
				863C18F217A2F7AC005A6E84 /* TimerController.m */,
				863C18F317A2F7AC005A6E84 /* mammiouxLog.h */,
				863C18F417A2F7AC005A6E84 /* mammiouxLog.m */,
				863C18F517A2F7AC005A6E84 /* InfoViewController.h */,
				863C18F617A2F7AC005A6E84 /* InfoViewController.m */,
				86EF995417AC1081005B5BB3 /* LogViewController.h */,
				86EF995517AC1081005B5BB3 /* LogViewController.m */,
			);
			path = Controllers;
			sourceTree = "<group>";
		};
		863C190617A2F7C5005A6E84 /* Resources */ = {
			isa = PBXGroup;
			children = (
				864722C517A84FFF005E9160 /* tableViewCells */,
				863C190D17A2F82A005A6E84 /* Images */,
			);
			path = Resources;
			sourceTree = "<group>";
		};
		863C190D17A2F82A005A6E84 /* Images */ = {
			isa = PBXGroup;
			children = (
				86BB985817B0440D001FEF29 /* greenBG.png */,
				863C19D617A31C78005A6E84 /* Icon.png */,
				863C19D717A31C79005A6E84 /* icon2.png */,
				863C190E17A2F849005A6E84 /* BlackBG.png */,
				863C190F17A2F849005A6E84 /* Left_Hand.png */,
				863C191017A2F849005A6E84 /* RIght_Hand.png */,
				863C191417A2F849005A6E84 /* process.png */,
				863C191517A2F849005A6E84 /* icon06.png */,
				863C191617A2F849005A6E84 /* history.png */,
				863C191B17A2F849005A6E84 /* iPhone_settings_icon_by_triumvirateebp.png */,
			);
			path = Images;
			sourceTree = "<group>";
		};
		864722C517A84FFF005E9160 /* tableViewCells */ = {
			isa = PBXGroup;
			children = (
				864722C717A850B7005E9160 /* NumericCell.h */,
				864722C817A850B7005E9160 /* NumericCell.m */,
			);
			name = tableViewCells;
			path = TableViewCells;
			sourceTree = "<group>";
		};
		8647231417AAB736005E9160 /* Views */ = {
			isa = PBXGroup;
			children = (
				8647231817AAB7EE005E9160 /* SettingsView.h */,
				8647231917AAB7EE005E9160 /* SettingsView.m */,
			);
			path = Views;
			sourceTree = "<group>";
		};
		DFE6667E1AF95B6D001377DD /* Mammioux WatchKit Extension */ = {
			isa = PBXGroup;
			children = (
				DFE666821AF95B6D001377DD /* InterfaceController.h */,
				DFE666831AF95B6D001377DD /* InterfaceController.m */,
				DFE666851AF95B6D001377DD /* NotificationController.h */,
				DFE666861AF95B6D001377DD /* NotificationController.m */,
				DFE666881AF95B6D001377DD /* GlanceController.h */,
				DFE666891AF95B6D001377DD /* GlanceController.m */,
				DFE6668B1AF95B6D001377DD /* Images.xcassets */,
				DFE6667F1AF95B6D001377DD /* Supporting Files */,
			);
			path = "Mammioux WatchKit Extension";
			sourceTree = "<group>";
		};
		DFE6667F1AF95B6D001377DD /* Supporting Files */ = {
			isa = PBXGroup;
			children = (
				DFE666801AF95B6D001377DD /* Info.plist */,
				DFE666811AF95B6D001377DD /* PushNotificationPayload.apns */,
			);
			name = "Supporting Files";
			sourceTree = "<group>";
		};
		DFE666931AF95B6E001377DD /* Mammioux WatchKit App */ = {
			isa = PBXGroup;
			children = (
				DFE666961AF95B6E001377DD /* Interface.storyboard */,
				DFE666991AF95B6E001377DD /* Images.xcassets */,
				DFE666941AF95B6E001377DD /* Supporting Files */,
			);
			path = "Mammioux WatchKit App";
			sourceTree = "<group>";
		};
		DFE666941AF95B6E001377DD /* Supporting Files */ = {
			isa = PBXGroup;
			children = (
				DFE666951AF95B6E001377DD /* Info.plist */,
			);
			name = "Supporting Files";
			sourceTree = "<group>";
		};
/* End PBXGroup section */

/* Begin PBXNativeTarget section */
		863C18AB17A2F725005A6E84 /* Mammioux */ = {
			isa = PBXNativeTarget;
			buildConfigurationList = 863C18E417A2F726005A6E84 /* Build configuration list for PBXNativeTarget "Mammioux" */;
			buildPhases = (
				863C18A817A2F725005A6E84 /* Sources */,
				863C18A917A2F725005A6E84 /* Frameworks */,
				863C18AA17A2F725005A6E84 /* Resources */,
				0196FB31183D4C30007C0D00 /* ShellScript */,
				DFE666A41AF95B6E001377DD /* Embed App Extensions */,
			);
			buildRules = (
			);
			dependencies = (
				DFE6669C1AF95B6E001377DD /* PBXTargetDependency */,
			);
			name = Mammioux;
			productName = Mammioux6;
			productReference = 863C18AC17A2F725005A6E84 /* Mammioux.app */;
			productType = "com.apple.product-type.application";
		};
		DFE6667C1AF95B6D001377DD /* Mammioux WatchKit Extension */ = {
			isa = PBXNativeTarget;
			buildConfigurationList = DFE666A31AF95B6E001377DD /* Build configuration list for PBXNativeTarget "Mammioux WatchKit Extension" */;
			buildPhases = (
				DFE666791AF95B6D001377DD /* Sources */,
				DFE6667A1AF95B6D001377DD /* Frameworks */,
				DFE6667B1AF95B6D001377DD /* Resources */,
			);
			buildRules = (
			);
			dependencies = (
				DFE666921AF95B6E001377DD /* PBXTargetDependency */,
			);
			name = "Mammioux WatchKit Extension";
			productName = "Mammioux WatchKit Extension";
			productReference = DFE6667D1AF95B6D001377DD /* Mammioux WatchKit Extension.appex */;
			productType = "com.apple.product-type.watchkit-extension";
		};
		DFE6668E1AF95B6E001377DD /* Mammioux WatchKit App */ = {
			isa = PBXNativeTarget;
			buildConfigurationList = DFE666A21AF95B6E001377DD /* Build configuration list for PBXNativeTarget "Mammioux WatchKit App" */;
			buildPhases = (
				DFE6668D1AF95B6E001377DD /* Resources */,
			);
			buildRules = (
			);
			dependencies = (
			);
			name = "Mammioux WatchKit App";
			productName = "Mammioux WatchKit App";
			productReference = DFE6668F1AF95B6E001377DD /* Mammioux WatchKit App.app */;
			productType = "com.apple.product-type.application.watchapp";
		};
/* End PBXNativeTarget section */

/* Begin PBXProject section */
		863C18A417A2F725005A6E84 /* Project object */ = {
			isa = PBXProject;
			attributes = {
				CLASSPREFIX = MX;
				LastTestingUpgradeCheck = 0630;
				LastUpgradeCheck = 0460;
				ORGANIZATIONNAME = mammioux;
				TargetAttributes = {
					863C18AB17A2F725005A6E84 = {
						DevelopmentTeam = 26PEVNP488;
					};
					DFE6667C1AF95B6D001377DD = {
						CreatedOnToolsVersion = 6.3.1;
						DevelopmentTeam = 26PEVNP488;
					};
					DFE6668E1AF95B6E001377DD = {
						CreatedOnToolsVersion = 6.3.1;
						DevelopmentTeam = 26PEVNP488;
					};
				};
			};
			buildConfigurationList = 863C18A717A2F725005A6E84 /* Build configuration list for PBXProject "Mammioux" */;
			compatibilityVersion = "Xcode 3.2";
			developmentRegion = English;
			hasScannedForEncodings = 0;
			knownRegions = (
				en,
				Base,
			);
			mainGroup = 863C18A317A2F725005A6E84;
			productRefGroup = 863C18AD17A2F725005A6E84 /* Products */;
			projectDirPath = "";
			projectRoot = "";
			targets = (
				863C18AB17A2F725005A6E84 /* Mammioux */,
				DFE6667C1AF95B6D001377DD /* Mammioux WatchKit Extension */,
				DFE6668E1AF95B6E001377DD /* Mammioux WatchKit App */,
			);
		};
/* End PBXProject section */

/* Begin PBXResourcesBuildPhase section */
		863C18AA17A2F725005A6E84 /* Resources */ = {
			isa = PBXResourcesBuildPhase;
			buildActionMask = 2147483647;
			files = (
				863C18BA17A2F725005A6E84 /* InfoPlist.strings in Resources */,
				0BE01D281AF9CB08004A078C /* Images.xcassets in Resources */,
				863C18C217A2F725005A6E84 /* Default.png in Resources */,
				863C18C417A2F725005A6E84 /* Default@2x.png in Resources */,
				863C18C617A2F725005A6E84 /* Default-568h@2x.png in Resources */,
				863C18C917A2F725005A6E84 /* MainStoryboard.storyboard in Resources */,
				863C191C17A2F849005A6E84 /* BlackBG.png in Resources */,
				863C191E17A2F849005A6E84 /* Left_Hand.png in Resources */,
				863C192017A2F849005A6E84 /* RIght_Hand.png in Resources */,
				863C192817A2F849005A6E84 /* process.png in Resources */,
				863C192A17A2F849005A6E84 /* icon06.png in Resources */,
				863C192C17A2F849005A6E84 /* history.png in Resources */,
				863C193617A2F849005A6E84 /* iPhone_settings_icon_by_triumvirateebp.png in Resources */,
				0BE01D241AF9C829004A078C /* Icon.png in Resources */,
				863C193A17A2F881005A6E84 /* timers.plist in Resources */,
				86BB985917B0440D001FEF29 /* greenBG.png in Resources */,
			);
			runOnlyForDeploymentPostprocessing = 0;
		};
		DFE6667B1AF95B6D001377DD /* Resources */ = {
			isa = PBXResourcesBuildPhase;
			buildActionMask = 2147483647;
			files = (
				DFE6668C1AF95B6D001377DD /* Images.xcassets in Resources */,
				DFE666A81AF97187001377DD /* Left_Hand.png in Resources */,
				0BE01D251AF9C82B004A078C /* Icon.png in Resources */,
				0BE01D271AF9CB04004A078C /* Images.xcassets in Resources */,
				DFE666A71AF9716B001377DD /* RIght_Hand.png in Resources */,
				DFE666901AF95B6E001377DD /* Mammioux WatchKit App.app in Resources */,
			);
			runOnlyForDeploymentPostprocessing = 0;
		};
		DFE6668D1AF95B6E001377DD /* Resources */ = {
			isa = PBXResourcesBuildPhase;
			buildActionMask = 2147483647;
			files = (
				DFE666981AF95B6E001377DD /* Interface.storyboard in Resources */,
				DFE666A91AF97188001377DD /* Left_Hand.png in Resources */,
				0BE01D261AF9C82B004A078C /* Icon.png in Resources */,
				DFE666A61AF97167001377DD /* RIght_Hand.png in Resources */,
				DFE6669A1AF95B6E001377DD /* Images.xcassets in Resources */,
			);
			runOnlyForDeploymentPostprocessing = 0;
		};
/* End PBXResourcesBuildPhase section */

/* Begin PBXShellScriptBuildPhase section */
		0196FB31183D4C30007C0D00 /* ShellScript */ = {
			isa = PBXShellScriptBuildPhase;
			buildActionMask = 12;
			files = (
			);
			inputPaths = (
			);
			outputPaths = (
			);
			runOnlyForDeploymentPostprocessing = 0;
			shellPath = /bin/sh;
			shellScript = "commit=`git rev-parse --short HEAD`\nbranch=`git rev-parse --abbrev-ref HEAD`\nversion=`/usr/libexec/PlistBuddy -c \"Print CFBundleVersion\" \"${INFOPLIST_FILE}\"`\n\nEcho \"${version} ${branch} ${commit}\"\n\nfunction processIcon() {\n    export PATH=$PATH:/usr/local/bin\n    base_file=$1\n    base_path=`find ${SRCROOT} -name $base_file`\n    echo $base_path\n    \n    if [[ ! -f ${base_path} || -z ${base_path} ]]; then\n    return;\n    fi\n    \n    target_file=$base_file\n    target_path=\"${CONFIGURATION_BUILD_DIR}/${UNLOCALIZED_RESOURCES_FOLDER_PATH}/${target_file}\"\n    echo $target_path\n\n    if [ $CONFIGURATION = \"Release\" ]; then\n    cp ${base_path} $target_path\n    return\n    fi\necho \"Applying version layer\"\n    width=`identify -format %w ${base_path}`\n    \n    convert -background '#0008' -fill white -gravity center -size ${width}x40 \\\n    caption:\"${version} ${branch} ${commit}\" \\\n    ${base_path} +swap -gravity south -composite ${target_path}\n}\n\nprocessIcon \"Icon.png\"\nprocessIcon \"icon@2x.png\"\nprocessIcon \"Icon-72_base.png\"\nprocessIcon \"Icon-72@2x_base.png\"\nexit 0;";
			showEnvVarsInLog = 0;
		};
/* End PBXShellScriptBuildPhase section */

/* Begin PBXSourcesBuildPhase section */
		863C18A817A2F725005A6E84 /* Sources */ = {
			isa = PBXSourcesBuildPhase;
			buildActionMask = 2147483647;
			files = (
				863C18BC17A2F725005A6E84 /* main.m in Sources */,
				863C18C017A2F725005A6E84 /* MXAppDelegate.m in Sources */,
				863C18F817A2F7AC005A6E84 /* SettingsViewController.m in Sources */,
				863C18FA17A2F7AC005A6E84 /* MammiouxViewController.m in Sources */,
				863C18FE17A2F7AC005A6E84 /* TimerController.m in Sources */,
				863C190017A2F7AC005A6E84 /* mammiouxLog.m in Sources */,
				863C190217A2F7AC005A6E84 /* InfoViewController.m in Sources */,
				864722C917A850B7005E9160 /* NumericCell.m in Sources */,
				8647231A17AAB7EE005E9160 /* SettingsView.m in Sources */,
				86EF995617AC1081005B5BB3 /* LogViewController.m in Sources */,
			);
			runOnlyForDeploymentPostprocessing = 0;
		};
		DFE666791AF95B6D001377DD /* Sources */ = {
			isa = PBXSourcesBuildPhase;
			buildActionMask = 2147483647;
			files = (
				DFE666871AF95B6D001377DD /* NotificationController.m in Sources */,
				DFE666841AF95B6D001377DD /* InterfaceController.m in Sources */,
				DFE6668A1AF95B6D001377DD /* GlanceController.m in Sources */,
			);
			runOnlyForDeploymentPostprocessing = 0;
		};
/* End PBXSourcesBuildPhase section */

/* Begin PBXTargetDependency section */
		DFE666921AF95B6E001377DD /* PBXTargetDependency */ = {
			isa = PBXTargetDependency;
			target = DFE6668E1AF95B6E001377DD /* Mammioux WatchKit App */;
			targetProxy = DFE666911AF95B6E001377DD /* PBXContainerItemProxy */;
		};
		DFE6669C1AF95B6E001377DD /* PBXTargetDependency */ = {
			isa = PBXTargetDependency;
			target = DFE6667C1AF95B6D001377DD /* Mammioux WatchKit Extension */;
			targetProxy = DFE6669B1AF95B6E001377DD /* PBXContainerItemProxy */;
		};
/* End PBXTargetDependency section */

/* Begin PBXVariantGroup section */
		863C18B817A2F725005A6E84 /* InfoPlist.strings */ = {
			isa = PBXVariantGroup;
			children = (
				863C18B917A2F725005A6E84 /* en */,
			);
			name = InfoPlist.strings;
			sourceTree = "<group>";
		};
		863C18C717A2F725005A6E84 /* MainStoryboard.storyboard */ = {
			isa = PBXVariantGroup;
			children = (
				863C18C817A2F725005A6E84 /* en */,
			);
			name = MainStoryboard.storyboard;
			sourceTree = "<group>";
		};
		863C18DC17A2F726005A6E84 /* InfoPlist.strings */ = {
			isa = PBXVariantGroup;
			children = (
				863C18DD17A2F726005A6E84 /* en */,
			);
			name = InfoPlist.strings;
			sourceTree = "<group>";
		};
		DFE666961AF95B6E001377DD /* Interface.storyboard */ = {
			isa = PBXVariantGroup;
			children = (
				DFE666971AF95B6E001377DD /* Base */,
			);
			name = Interface.storyboard;
			sourceTree = "<group>";
		};
/* End PBXVariantGroup section */

/* Begin XCBuildConfiguration section */
		863C18E217A2F726005A6E84 /* Debug */ = {
			isa = XCBuildConfiguration;
			buildSettings = {
				ALWAYS_SEARCH_USER_PATHS = NO;
				CLANG_CXX_LANGUAGE_STANDARD = "gnu++0x";
				CLANG_CXX_LIBRARY = "libc++";
				CLANG_ENABLE_OBJC_ARC = YES;
				CLANG_WARN_CONSTANT_CONVERSION = YES;
				CLANG_WARN_EMPTY_BODY = YES;
				CLANG_WARN_ENUM_CONVERSION = YES;
				CLANG_WARN_INT_CONVERSION = YES;
				CLANG_WARN__DUPLICATE_METHOD_MATCH = YES;
				"CODE_SIGN_IDENTITY[sdk=iphoneos*]" = "iPhone Developer";
				COPY_PHASE_STRIP = NO;
				GCC_C_LANGUAGE_STANDARD = gnu99;
				GCC_DYNAMIC_NO_PIC = NO;
				GCC_OPTIMIZATION_LEVEL = 0;
				GCC_PREPROCESSOR_DEFINITIONS = (
					"DEBUG=1",
					"$(inherited)",
				);
				GCC_SYMBOLS_PRIVATE_EXTERN = NO;
				GCC_WARN_ABOUT_RETURN_TYPE = YES;
				GCC_WARN_UNINITIALIZED_AUTOS = YES;
				GCC_WARN_UNUSED_VARIABLE = YES;
				IPHONEOS_DEPLOYMENT_TARGET = 8.2;
				ONLY_ACTIVE_ARCH = YES;
				SDKROOT = iphoneos;
			};
			name = Debug;
		};
		863C18E317A2F726005A6E84 /* Release */ = {
			isa = XCBuildConfiguration;
			buildSettings = {
				ALWAYS_SEARCH_USER_PATHS = NO;
				CLANG_CXX_LANGUAGE_STANDARD = "gnu++0x";
				CLANG_CXX_LIBRARY = "libc++";
				CLANG_ENABLE_OBJC_ARC = YES;
				CLANG_WARN_CONSTANT_CONVERSION = YES;
				CLANG_WARN_EMPTY_BODY = YES;
				CLANG_WARN_ENUM_CONVERSION = YES;
				CLANG_WARN_INT_CONVERSION = YES;
				CLANG_WARN__DUPLICATE_METHOD_MATCH = YES;
				CODE_SIGN_IDENTITY = "iPhone Developer";
				"CODE_SIGN_IDENTITY[sdk=iphoneos*]" = "iPhone Developer: Teresa Van Dusen (93ETCX57T7)";
				COPY_PHASE_STRIP = YES;
				GCC_C_LANGUAGE_STANDARD = gnu99;
				GCC_WARN_ABOUT_RETURN_TYPE = YES;
				GCC_WARN_UNINITIALIZED_AUTOS = YES;
				GCC_WARN_UNUSED_VARIABLE = YES;
				IPHONEOS_DEPLOYMENT_TARGET = 8.2;
				OTHER_CFLAGS = "-DNS_BLOCK_ASSERTIONS=1";
				PROVISIONING_PROFILE = "";
				"PROVISIONING_PROFILE[sdk=iphoneos*]" = "0A310A17-2584-4011-B2B4-4CCB410C7D40";
				SDKROOT = iphoneos;
				VALIDATE_PRODUCT = YES;
			};
			name = Release;
		};
		863C18E517A2F726005A6E84 /* Debug */ = {
			isa = XCBuildConfiguration;
			buildSettings = {
				CODE_SIGN_IDENTITY = "iPhone Developer";
				CURRENT_PROJECT_VERSION = 1.01;
				GCC_PRECOMPILE_PREFIX_HEADER = YES;
				GCC_PREFIX_HEADER = "Mammioux6/Mammioux-Prefix.pch";
				INFOPLIST_FILE = "Mammioux6/Mammioux-Info.plist";
				IPHONEOS_DEPLOYMENT_TARGET = 8.2;
				PRODUCT_NAME = Mammioux;
				TARGETED_DEVICE_FAMILY = 1;
				VERSIONING_SYSTEM = "apple-generic";
				WRAPPER_EXTENSION = app;
			};
			name = Debug;
		};
		863C18E617A2F726005A6E84 /* Release */ = {
			isa = XCBuildConfiguration;
			buildSettings = {
				CODE_SIGN_IDENTITY = "iPhone Developer";
				"CODE_SIGN_IDENTITY[sdk=iphoneos*]" = "iPhone Developer";
				CURRENT_PROJECT_VERSION = 1.01;
				GCC_PRECOMPILE_PREFIX_HEADER = YES;
				GCC_PREFIX_HEADER = "Mammioux6/Mammioux-Prefix.pch";
				INFOPLIST_FILE = "Mammioux6/Mammioux-Info.plist";
				IPHONEOS_DEPLOYMENT_TARGET = 8.2;
				PRODUCT_NAME = Mammioux;
				PROVISIONING_PROFILE = "";
				"PROVISIONING_PROFILE[sdk=iphoneos*]" = "";
				TARGETED_DEVICE_FAMILY = 1;
				VERSIONING_SYSTEM = "apple-generic";
				WRAPPER_EXTENSION = app;
			};
			name = Release;
		};
		DFE6669E1AF95B6E001377DD /* Debug */ = {
			isa = XCBuildConfiguration;
			buildSettings = {
				CLANG_ENABLE_MODULES = YES;
				CLANG_WARN_BOOL_CONVERSION = YES;
				CLANG_WARN_DIRECT_OBJC_ISA_USAGE = YES_ERROR;
				CLANG_WARN_OBJC_ROOT_CLASS = YES_ERROR;
				CLANG_WARN_UNREACHABLE_CODE = YES;
				CODE_SIGN_IDENTITY = "iPhone Developer";
				DEBUG_INFORMATION_FORMAT = "dwarf-with-dsym";
				ENABLE_STRICT_OBJC_MSGSEND = YES;
				GCC_NO_COMMON_BLOCKS = YES;
				GCC_PREPROCESSOR_DEFINITIONS = (
					"DEBUG=1",
					"$(inherited)",
				);
				GCC_WARN_64_TO_32_BIT_CONVERSION = YES;
				GCC_WARN_ABOUT_RETURN_TYPE = YES_ERROR;
				GCC_WARN_UNDECLARED_SELECTOR = YES;
				GCC_WARN_UNINITIALIZED_AUTOS = YES_AGGRESSIVE;
				GCC_WARN_UNUSED_FUNCTION = YES;
				INFOPLIST_FILE = "Mammioux WatchKit Extension/Info.plist";
				IPHONEOS_DEPLOYMENT_TARGET = 8.2;
				LD_RUNPATH_SEARCH_PATHS = "$(inherited) @executable_path/Frameworks @executable_path/../../Frameworks";
				MTL_ENABLE_DEBUG_INFO = YES;
				PRODUCT_NAME = "${TARGET_NAME}";
				SKIP_INSTALL = YES;
			};
			name = Debug;
		};
		DFE6669F1AF95B6E001377DD /* Release */ = {
			isa = XCBuildConfiguration;
			buildSettings = {
				CLANG_ENABLE_MODULES = YES;
				CLANG_WARN_BOOL_CONVERSION = YES;
				CLANG_WARN_DIRECT_OBJC_ISA_USAGE = YES_ERROR;
				CLANG_WARN_OBJC_ROOT_CLASS = YES_ERROR;
				CLANG_WARN_UNREACHABLE_CODE = YES;
				CODE_SIGN_IDENTITY = "iPhone Developer";
				"CODE_SIGN_IDENTITY[sdk=iphoneos*]" = "iPhone Developer: Teresa Van Dusen (93ETCX57T7)";
				COPY_PHASE_STRIP = NO;
				DEBUG_INFORMATION_FORMAT = "dwarf-with-dsym";
				ENABLE_NS_ASSERTIONS = NO;
				ENABLE_STRICT_OBJC_MSGSEND = YES;
				GCC_NO_COMMON_BLOCKS = YES;
				GCC_WARN_64_TO_32_BIT_CONVERSION = YES;
				GCC_WARN_ABOUT_RETURN_TYPE = YES_ERROR;
				GCC_WARN_UNDECLARED_SELECTOR = YES;
				GCC_WARN_UNINITIALIZED_AUTOS = YES_AGGRESSIVE;
				GCC_WARN_UNUSED_FUNCTION = YES;
				INFOPLIST_FILE = "Mammioux WatchKit Extension/Info.plist";
				IPHONEOS_DEPLOYMENT_TARGET = 8.2;
				LD_RUNPATH_SEARCH_PATHS = "$(inherited) @executable_path/Frameworks @executable_path/../../Frameworks";
				MTL_ENABLE_DEBUG_INFO = NO;
				PRODUCT_NAME = "${TARGET_NAME}";
				SKIP_INSTALL = YES;
			};
			name = Release;
		};
		DFE666A01AF95B6E001377DD /* Debug */ = {
			isa = XCBuildConfiguration;
			buildSettings = {
				ASSETCATALOG_COMPILER_APPICON_NAME = AppIcon;
				CLANG_ENABLE_MODULES = YES;
				CLANG_WARN_BOOL_CONVERSION = YES;
				CLANG_WARN_DIRECT_OBJC_ISA_USAGE = YES_ERROR;
				CLANG_WARN_OBJC_ROOT_CLASS = YES_ERROR;
				CLANG_WARN_UNREACHABLE_CODE = YES;
				CODE_SIGN_IDENTITY = "iPhone Developer";
				DEBUG_INFORMATION_FORMAT = "dwarf-with-dsym";
				ENABLE_STRICT_OBJC_MSGSEND = YES;
				GCC_NO_COMMON_BLOCKS = YES;
				GCC_PREPROCESSOR_DEFINITIONS = (
					"DEBUG=1",
					"$(inherited)",
				);
				GCC_WARN_64_TO_32_BIT_CONVERSION = YES;
				GCC_WARN_ABOUT_RETURN_TYPE = YES_ERROR;
				GCC_WARN_UNDECLARED_SELECTOR = YES;
				GCC_WARN_UNINITIALIZED_AUTOS = YES_AGGRESSIVE;
				GCC_WARN_UNUSED_FUNCTION = YES;
				IBSC_MODULE = Mammioux_WatchKit_Extension;
				INFOPLIST_FILE = "Mammioux WatchKit App/Info.plist";
				IPHONEOS_DEPLOYMENT_TARGET = 8.2;
				MTL_ENABLE_DEBUG_INFO = YES;
				PRODUCT_NAME = "$(TARGET_NAME)";
				SKIP_INSTALL = YES;
				TARGETED_DEVICE_FAMILY = 4;
				"TARGETED_DEVICE_FAMILY[sdk=iphonesimulator*]" = "1,4";
			};
			name = Debug;
		};
		DFE666A11AF95B6E001377DD /* Release */ = {
			isa = XCBuildConfiguration;
			buildSettings = {
				ASSETCATALOG_COMPILER_APPICON_NAME = AppIcon;
				CLANG_ENABLE_MODULES = YES;
				CLANG_WARN_BOOL_CONVERSION = YES;
				CLANG_WARN_DIRECT_OBJC_ISA_USAGE = YES_ERROR;
				CLANG_WARN_OBJC_ROOT_CLASS = YES_ERROR;
				CLANG_WARN_UNREACHABLE_CODE = YES;
				CODE_SIGN_IDENTITY = "iPhone Developer";
				COPY_PHASE_STRIP = NO;
				DEBUG_INFORMATION_FORMAT = "dwarf-with-dsym";
				ENABLE_NS_ASSERTIONS = NO;
				ENABLE_STRICT_OBJC_MSGSEND = YES;
				GCC_NO_COMMON_BLOCKS = YES;
				GCC_WARN_64_TO_32_BIT_CONVERSION = YES;
				GCC_WARN_ABOUT_RETURN_TYPE = YES_ERROR;
				GCC_WARN_UNDECLARED_SELECTOR = YES;
				GCC_WARN_UNINITIALIZED_AUTOS = YES_AGGRESSIVE;
				GCC_WARN_UNUSED_FUNCTION = YES;
				IBSC_MODULE = Mammioux_WatchKit_Extension;
				INFOPLIST_FILE = "Mammioux WatchKit App/Info.plist";
				IPHONEOS_DEPLOYMENT_TARGET = 8.2;
				MTL_ENABLE_DEBUG_INFO = NO;
				PRODUCT_NAME = "$(TARGET_NAME)";
				SKIP_INSTALL = YES;
				TARGETED_DEVICE_FAMILY = 4;
				"TARGETED_DEVICE_FAMILY[sdk=iphonesimulator*]" = "1,4";
			};
			name = Release;
		};
/* End XCBuildConfiguration section */

/* Begin XCConfigurationList section */
		863C18A717A2F725005A6E84 /* Build configuration list for PBXProject "Mammioux" */ = {
			isa = XCConfigurationList;
			buildConfigurations = (
				863C18E217A2F726005A6E84 /* Debug */,
				863C18E317A2F726005A6E84 /* Release */,
			);
			defaultConfigurationIsVisible = 0;
			defaultConfigurationName = Release;
		};
		863C18E417A2F726005A6E84 /* Build configuration list for PBXNativeTarget "Mammioux" */ = {
			isa = XCConfigurationList;
			buildConfigurations = (
				863C18E517A2F726005A6E84 /* Debug */,
				863C18E617A2F726005A6E84 /* Release */,
			);
			defaultConfigurationIsVisible = 0;
			defaultConfigurationName = Release;
		};
		DFE666A21AF95B6E001377DD /* Build configuration list for PBXNativeTarget "Mammioux WatchKit App" */ = {
			isa = XCConfigurationList;
			buildConfigurations = (
				DFE666A01AF95B6E001377DD /* Debug */,
				DFE666A11AF95B6E001377DD /* Release */,
			);
			defaultConfigurationIsVisible = 0;
			defaultConfigurationName = Release;
		};
		DFE666A31AF95B6E001377DD /* Build configuration list for PBXNativeTarget "Mammioux WatchKit Extension" */ = {
			isa = XCConfigurationList;
			buildConfigurations = (
				DFE6669E1AF95B6E001377DD /* Debug */,
				DFE6669F1AF95B6E001377DD /* Release */,
			);
			defaultConfigurationIsVisible = 0;
			defaultConfigurationName = Release;
		};
/* End XCConfigurationList section */
	};
	rootObject = 863C18A417A2F725005A6E84 /* Project object */;
}
